
Microsoft Visual Studio Solution File, Format Version 12.00
# Visual Studio 14
VisualStudioVersion = 14.0.25123.0
MinimumVisualStudioVersion = 10.0.40219.1
Project("{2150E333-8FDC-42A3-9474-1A3956D46DE8}") = "Tests", "Tests", "{0E1CE312-046A-4005-AB7A-0B152835D4FB}"
	ProjectSection(FolderGlobals) = preProject
		ZerocIce_HomeExpanded = D:\Ice-3.4.1
	EndProjectSection
EndProject
Project("{2150E333-8FDC-42A3-9474-1A3956D46DE8}") = ".nuget", ".nuget", "{C22D79EC-DFD0-4463-8876-EA4A78E5A027}"
	ProjectSection(SolutionItems) = preProject
		.nuget\NuGet.Config = .nuget\NuGet.Config
	EndProjectSection
EndProject
Project("{2150E333-8FDC-42A3-9474-1A3956D46DE8}") = "Transport", "Transport", "{7CF4C810-2594-4B13-8D99-458CD618E913}"
EndProject
Project("{2150E333-8FDC-42A3-9474-1A3956D46DE8}") = "Samples", "Samples", "{113DB117-91E6-418C-B256-5AD1CFDF1886}"
EndProject
Project("{2150E333-8FDC-42A3-9474-1A3956D46DE8}") = "BasicChat", "BasicChat", "{7435C8D9-CA51-4E5D-A359-3AE441420415}"
EndProject
Project("{2150E333-8FDC-42A3-9474-1A3956D46DE8}") = "ActorChat", "ActorChat", "{FA167385-0AF1-4BEC-8C85-E0422FD0538C}"
EndProject
Project("{FAE04EC0-301F-11D3-BF4B-00C04F79EFBC}") = "Core", "Core\Core.csproj", "{CC2D2C8B-6B03-4585-A421-58B796A69780}"
EndProject
Project("{FAE04EC0-301F-11D3-BF4B-00C04F79EFBC}") = "Core.Portable", "Core.Portable\Core.Portable.csproj", "{4D4E147D-450F-4121-885B-B56E98A24C39}"
EndProject
Project("{FAE04EC0-301F-11D3-BF4B-00C04F79EFBC}") = "LidgrenWrap", "Transport\LidgrenWrap\LidgrenWrap.csproj", "{ABA23F21-69B5-4F58-9E33-5D3CC5A788E7}"
EndProject
Project("{FAE04EC0-301F-11D3-BF4B-00C04F79EFBC}") = "BasicChat.Client", "Samples\BasicChat.Client\BasicChat.Client.csproj", "{93E984DE-4E71-4351-A92A-9A6C36492F2C}"
EndProject
Project("{FAE04EC0-301F-11D3-BF4B-00C04F79EFBC}") = "BasicChat.Server", "Samples\BasicChat.Server\BasicChat.Server.csproj", "{69901E31-188C-4D9B-9803-CDDB14B8AF25}"
EndProject
Project("{FAE04EC0-301F-11D3-BF4B-00C04F79EFBC}") = "BasicChat.Protocol", "Samples\BasicChat.Protocol\BasicChat.Protocol.csproj", "{3E87644D-3B5A-4837-9CAF-50FBD084D4F0}"
EndProject
Project("{FAE04EC0-301F-11D3-BF4B-00C04F79EFBC}") = "ActorChat.Client", "Samples\ActorChat.Client\ActorChat.Client.csproj", "{A9FF5FF2-7D74-4799-A091-815C5C851C8E}"
EndProject
Project("{FAE04EC0-301F-11D3-BF4B-00C04F79EFBC}") = "ActorChat.Gateway.Protocol", "Samples\ActorChat.Protocol\ActorChat.Gateway.Protocol.csproj", "{36F55E38-A973-4598-BBD4-71671923A502}"
EndProject
Project("{FAE04EC0-301F-11D3-BF4B-00C04F79EFBC}") = "ActorChat.Backend.Protocol", "Samples\ActorChat.ServerProtocol\ActorChat.Backend.Protocol.csproj", "{CB44127A-1D1B-4720-B0A2-2F20A1FE0D63}"
EndProject
Project("{A07B5EB6-E848-4116-A8D0-A826331D98C6}") = "ServiceFabric.BasicChat.Deploy", "Samples\ServiceFabric.BasicChat.Deploy\ServiceFabric.BasicChat.Deploy.sfproj", "{2EDD60F4-E2E3-4246-B45A-FDF69DC3E47D}"
EndProject
Project("{FAE04EC0-301F-11D3-BF4B-00C04F79EFBC}") = "ServiceFabric.BasicChatServer", "Samples\ServiceFabric.BasicChatServer\ServiceFabric.BasicChatServer.csproj", "{7B20B1A9-49D8-424B-9AC5-48E02AD1623E}"
EndProject
Project("{A07B5EB6-E848-4116-A8D0-A826331D98C6}") = "ActorChat.ServiceFabric", "Samples\ActorChat.ServiceFabric\ActorChat.ServiceFabric.sfproj", "{18509D0E-1697-4C08-BE19-6C71DE905163}"
EndProject
Project("{FAE04EC0-301F-11D3-BF4B-00C04F79EFBC}") = "ActorChat.Services.Gateway", "Samples\ActorChat.Services.Gateway\ActorChat.Services.Gateway.csproj", "{1B68C2BC-CBCC-4722-92FD-D5EF08191644}"
EndProject
Project("{FAE04EC0-301F-11D3-BF4B-00C04F79EFBC}") = "ActorChat.Services.EventHubRoomActorService", "Samples\ActorChat.Services.EventHubRoomActorService\ActorChat.Services.EventHubRoomActorService.csproj", "{6C9C924C-0016-40F7-A7BE-9D094DC18A7A}"
EndProject
Project("{FAE04EC0-301F-11D3-BF4B-00C04F79EFBC}") = "ActorChat.Services.RoomActorService", "Samples\ActorChat.Services.RoomActorService\ActorChat.Services.RoomActorService.csproj", "{FB37C80B-3563-4B51-8E01-7EEDEAD3494F}"
EndProject
Project("{FAE04EC0-301F-11D3-BF4B-00C04F79EFBC}") = "ActorChat.Services.SFRoomActor", "Samples\ActorChat.Services.SFRoomActor\ActorChat.Services.SFRoomActor.csproj", "{D2BA30F0-A02A-4143-BF2F-3C60DA81A04D}"
EndProject
Project("{FAE04EC0-301F-11D3-BF4B-00C04F79EFBC}") = "ActorChat.Services.SFRoomActor.Interfaces", "Samples\ActorChat.Services.SFRoomActor.Interfaces\ActorChat.Services.SFRoomActor.Interfaces.csproj", "{2DD48970-2087-4697-97B4-C81C60D6C5E7}"
EndProject
Project("{2150E333-8FDC-42A3-9474-1A3956D46DE8}") = "Provisioning", "Provisioning", "{77230C31-DE85-48C5-83DA-707DD652EDE6}"
EndProject
Project("{151D2E53-A2C4-4D7D-83FE-D05416EBD58E}") = "Resources.ServiceFabric", "Provisioning\Resources.ServiceFabric\Resources.ServiceFabric.deployproj", "{9C2EA653-0F29-46D6-9D5B-EB6B2C864DAC}"
EndProject
Project("{2150E333-8FDC-42A3-9474-1A3956D46DE8}") = "PerformanceTesting", "PerformanceTesting", "{394E1A6D-636F-4465-84C5-A7DA56E25247}"
EndProject
Project("{FAE04EC0-301F-11D3-BF4B-00C04F79EFBC}") = "Core.Tests.Integration", "Tests\Core.Tests.Integration\Core.Tests.Integration.csproj", "{38EA29F1-293D-4190-B639-46411C8F166B}"
EndProject
Project("{A07B5EB6-E848-4116-A8D0-A826331D98C6}") = "SFActorsPerfTest", "Tests\PerformanceTesting\SFActorsPerfTest\SFActorsPerfTest.sfproj", "{EAD79270-0682-4DC4-8A93-FBB9809DB43A}"
EndProject
Project("{FAE04EC0-301F-11D3-BF4B-00C04F79EFBC}") = "SFTestActor", "Tests\PerformanceTesting\SFTestActor\SFTestActor.csproj", "{8DA44BC4-2A12-4F86-A2AD-8BF4C361710B}"
EndProject
Project("{FAE04EC0-301F-11D3-BF4B-00C04F79EFBC}") = "SFTestActor.Interfaces", "Tests\PerformanceTesting\SFTestActor.Interfaces\SFTestActor.Interfaces.csproj", "{E7375446-B711-4A2D-85F8-9D8E8C91DF82}"
EndProject
Project("{FAE04EC0-301F-11D3-BF4B-00C04F79EFBC}") = "SFActors.Gateway", "Tests\PerformanceTesting\SFActors.Gateway\SFActors.Gateway.csproj", "{FF3BC128-E463-4867-836E-C4AEA134DE5F}"
EndProject
Project("{FAE04EC0-301F-11D3-BF4B-00C04F79EFBC}") = "PerfTests.Protocol", "Tests\PerformanceTesting\PerfTests.Protocol\PerfTests.Protocol.csproj", "{D60DB4AB-34CF-41D2-A7D8-60F1FB07C4EE}"
EndProject
Project("{FAE04EC0-301F-11D3-BF4B-00C04F79EFBC}") = "Core.Azure.Web", "Core.Azure.Web\Core.Azure.Web.csproj", "{D5A74861-CB91-40B6-A6B7-B12F805C95D5}"
EndProject
Project("{F2A71F9B-5D33-465A-A702-920D77279786}") = "PerfTests.Runner", "Tests\PerformanceTesting\PerfTests.Runner\PerfTests.Runner.fsproj", "{40DD1272-912D-440A-9C81-7C162C279CFE}"
EndProject
Project("{151D2E53-A2C4-4D7D-83FE-D05416EBD58E}") = "Resources.Monitoring", "Provisioning\Resources.Monitoring\Resources.Monitoring.deployproj", "{7815217B-88B2-4880-BDED-D3DE1F33A66F}"
EndProject
Project("{2150E333-8FDC-42A3-9474-1A3956D46DE8}") = "Telemetry", "Telemetry", "{77432F04-9887-4B23-B379-AEEA4864A8ED}"
EndProject
Project("{FAE04EC0-301F-11D3-BF4B-00C04F79EFBC}") = "Core.Azure.ServiceBus", "Core.Azure.ServiceBus\Core.Azure.ServiceBus.csproj", "{E7BD5310-0AC8-43DC-A71D-A979C626D194}"
EndProject
Project("{FAE04EC0-301F-11D3-BF4B-00C04F79EFBC}") = "Core.Azure.ServiceFabric", "Core.Azure.ServiceFabric\Core.Azure.ServiceFabric.csproj", "{C5C16400-2827-419A-A0ED-94FA42A01B24}"
EndProject
Project("{FAE04EC0-301F-11D3-BF4B-00C04F79EFBC}") = "Core.Telemetry", "Telemetry\Core.Telemetry\Core.Telemetry.csproj", "{56DA3163-5D28-473F-BFC4-5C19107F0425}"
EndProject
Project("{FAE04EC0-301F-11D3-BF4B-00C04F79EFBC}") = "Core.Telemetry.Serilog", "Telemetry\Core.Telemetry.Serilog\Core.Telemetry.Serilog.csproj", "{E178EF7A-4BEB-4C34-AEE0-7B4F361F0721}"
EndProject
Project("{FAE04EC0-301F-11D3-BF4B-00C04F79EFBC}") = "Core.Telemetry.ServiceBus.Serilog", "Telemetry\Core.Telemetry.ServiceBus.Serilog\Core.Telemetry.ServiceBus.Serilog.csproj", "{3065D663-3CDD-480C-886E-1FA6778787DC}"
EndProject
Project("{FAE04EC0-301F-11D3-BF4B-00C04F79EFBC}") = "Core.Telemetry.ServiceFabric.Serilog", "Telemetry\Core.Telemetry.ServiceFabric.Serilog\Core.Telemetry.ServiceFabric.Serilog.csproj", "{9C51312E-2CA0-469A-939E-A2555A751C58}"
EndProject
Project("{A07B5EB6-E848-4116-A8D0-A826331D98C6}") = "MouseTestActor.Deploy", "Tests\PerformanceTesting\MouseTestActor.Deploy\MouseTestActor.Deploy.sfproj", "{EC08A99D-8FBD-4833-B217-18A4817E8289}"
EndProject
Project("{FAE04EC0-301F-11D3-BF4B-00C04F79EFBC}") = "MouseTestActor", "Tests\PerformanceTesting\MouseTestActor\MouseTestActor.csproj", "{74934B9E-4FFC-4F14-94B1-B20DA1F9E28E}"
EndProject
Project("{A07B5EB6-E848-4116-A8D0-A826331D98C6}") = "OrleansTest", "Tests\PerformanceTesting\OrleansTest\OrleansTest.sfproj", "{416FF026-DA4C-467B-B148-E0D171462DE5}"
EndProject
Project("{FAE04EC0-301F-11D3-BF4B-00C04F79EFBC}") = "OrleansTestActor", "Tests\PerformanceTesting\OrleansTestActor\OrleansTestActor.csproj", "{69EB4199-0C1F-468A-BB2D-6A277995D13A}"
EndProject
Project("{FAE04EC0-301F-11D3-BF4B-00C04F79EFBC}") = "OrleansTestActor.Interface", "Tests\PerformanceTesting\OrleansTestActor.Interface\OrleansTestActor.Interface.csproj", "{2F81EB21-B314-4E03-B969-9B1162C537F1}"
EndProject
Project("{A07B5EB6-E848-4116-A8D0-A826331D98C6}") = "PerfTests.Gateway", "Tests\PerformanceTesting\PerfTests.Gateway\PerfTests.Gateway.sfproj", "{BEC50EF2-E3D5-457B-A098-12089FFC2527}"
EndProject
Project("{FAE04EC0-301F-11D3-BF4B-00C04F79EFBC}") = "GatewayService", "Tests\PerformanceTesting\GatewayService\GatewayService.csproj", "{50C33EC1-9215-4531-A12D-6D76AEB01602}"
EndProject
Global
	GlobalSection(SolutionConfigurationPlatforms) = preSolution
		Debug|Any CPU = Debug|Any CPU
		Debug|Mixed Platforms = Debug|Mixed Platforms
		Debug|Win32 = Debug|Win32
		Debug|x64 = Debug|x64
		Debug|x86 = Debug|x86
		Release|Any CPU = Release|Any CPU
		Release|Mixed Platforms = Release|Mixed Platforms
		Release|Win32 = Release|Win32
		Release|x64 = Release|x64
		Release|x86 = Release|x86
	EndGlobalSection
	GlobalSection(ProjectConfigurationPlatforms) = postSolution
		{CC2D2C8B-6B03-4585-A421-58B796A69780}.Debug|Any CPU.ActiveCfg = Debug|Any CPU
		{CC2D2C8B-6B03-4585-A421-58B796A69780}.Debug|Any CPU.Build.0 = Debug|Any CPU
		{CC2D2C8B-6B03-4585-A421-58B796A69780}.Debug|Mixed Platforms.ActiveCfg = Debug|Any CPU
		{CC2D2C8B-6B03-4585-A421-58B796A69780}.Debug|Mixed Platforms.Build.0 = Debug|Any CPU
		{CC2D2C8B-6B03-4585-A421-58B796A69780}.Debug|Win32.ActiveCfg = Debug|Any CPU
		{CC2D2C8B-6B03-4585-A421-58B796A69780}.Debug|x64.ActiveCfg = Debug|x64
		{CC2D2C8B-6B03-4585-A421-58B796A69780}.Debug|x64.Build.0 = Debug|x64
		{CC2D2C8B-6B03-4585-A421-58B796A69780}.Debug|x86.ActiveCfg = Debug|Any CPU
		{CC2D2C8B-6B03-4585-A421-58B796A69780}.Release|Any CPU.ActiveCfg = Release|Any CPU
		{CC2D2C8B-6B03-4585-A421-58B796A69780}.Release|Any CPU.Build.0 = Release|Any CPU
		{CC2D2C8B-6B03-4585-A421-58B796A69780}.Release|Mixed Platforms.ActiveCfg = Release|Any CPU
		{CC2D2C8B-6B03-4585-A421-58B796A69780}.Release|Mixed Platforms.Build.0 = Release|Any CPU
		{CC2D2C8B-6B03-4585-A421-58B796A69780}.Release|Win32.ActiveCfg = Release|Any CPU
		{CC2D2C8B-6B03-4585-A421-58B796A69780}.Release|x64.ActiveCfg = Release|x64
		{CC2D2C8B-6B03-4585-A421-58B796A69780}.Release|x64.Build.0 = Release|x64
		{CC2D2C8B-6B03-4585-A421-58B796A69780}.Release|x86.ActiveCfg = Release|Any CPU
		{4D4E147D-450F-4121-885B-B56E98A24C39}.Debug|Any CPU.ActiveCfg = Debug|Any CPU
		{4D4E147D-450F-4121-885B-B56E98A24C39}.Debug|Any CPU.Build.0 = Debug|Any CPU
		{4D4E147D-450F-4121-885B-B56E98A24C39}.Debug|Mixed Platforms.ActiveCfg = Debug|Any CPU
		{4D4E147D-450F-4121-885B-B56E98A24C39}.Debug|Mixed Platforms.Build.0 = Debug|Any CPU
		{4D4E147D-450F-4121-885B-B56E98A24C39}.Debug|Win32.ActiveCfg = Debug|Any CPU
		{4D4E147D-450F-4121-885B-B56E98A24C39}.Debug|x64.ActiveCfg = Debug|x64
		{4D4E147D-450F-4121-885B-B56E98A24C39}.Debug|x64.Build.0 = Debug|x64
		{4D4E147D-450F-4121-885B-B56E98A24C39}.Debug|x86.ActiveCfg = Debug|Any CPU
		{4D4E147D-450F-4121-885B-B56E98A24C39}.Debug|x86.Build.0 = Debug|Any CPU
		{4D4E147D-450F-4121-885B-B56E98A24C39}.Release|Any CPU.ActiveCfg = Release|Any CPU
		{4D4E147D-450F-4121-885B-B56E98A24C39}.Release|Any CPU.Build.0 = Release|Any CPU
		{4D4E147D-450F-4121-885B-B56E98A24C39}.Release|Mixed Platforms.ActiveCfg = Release|Any CPU
		{4D4E147D-450F-4121-885B-B56E98A24C39}.Release|Mixed Platforms.Build.0 = Release|Any CPU
		{4D4E147D-450F-4121-885B-B56E98A24C39}.Release|Win32.ActiveCfg = Release|Any CPU
		{4D4E147D-450F-4121-885B-B56E98A24C39}.Release|x64.ActiveCfg = Release|x64
		{4D4E147D-450F-4121-885B-B56E98A24C39}.Release|x64.Build.0 = Release|x64
		{4D4E147D-450F-4121-885B-B56E98A24C39}.Release|x86.ActiveCfg = Release|Any CPU
		{4D4E147D-450F-4121-885B-B56E98A24C39}.Release|x86.Build.0 = Release|Any CPU
		{ABA23F21-69B5-4F58-9E33-5D3CC5A788E7}.Debug|Any CPU.ActiveCfg = Debug|Any CPU
		{ABA23F21-69B5-4F58-9E33-5D3CC5A788E7}.Debug|Any CPU.Build.0 = Debug|Any CPU
		{ABA23F21-69B5-4F58-9E33-5D3CC5A788E7}.Debug|Mixed Platforms.ActiveCfg = Debug|Any CPU
		{ABA23F21-69B5-4F58-9E33-5D3CC5A788E7}.Debug|Win32.ActiveCfg = Debug|Any CPU
		{ABA23F21-69B5-4F58-9E33-5D3CC5A788E7}.Debug|x64.ActiveCfg = Debug|x64
		{ABA23F21-69B5-4F58-9E33-5D3CC5A788E7}.Debug|x64.Build.0 = Debug|x64
		{ABA23F21-69B5-4F58-9E33-5D3CC5A788E7}.Debug|x86.ActiveCfg = Debug|Any CPU
		{ABA23F21-69B5-4F58-9E33-5D3CC5A788E7}.Release|Any CPU.ActiveCfg = Release|Any CPU
		{ABA23F21-69B5-4F58-9E33-5D3CC5A788E7}.Release|Any CPU.Build.0 = Release|Any CPU
		{ABA23F21-69B5-4F58-9E33-5D3CC5A788E7}.Release|Mixed Platforms.ActiveCfg = Release|Any CPU
		{ABA23F21-69B5-4F58-9E33-5D3CC5A788E7}.Release|Mixed Platforms.Build.0 = Release|Any CPU
		{ABA23F21-69B5-4F58-9E33-5D3CC5A788E7}.Release|Win32.ActiveCfg = Release|Any CPU
		{ABA23F21-69B5-4F58-9E33-5D3CC5A788E7}.Release|x64.ActiveCfg = Release|x64
		{ABA23F21-69B5-4F58-9E33-5D3CC5A788E7}.Release|x64.Build.0 = Release|x64
		{ABA23F21-69B5-4F58-9E33-5D3CC5A788E7}.Release|x86.ActiveCfg = Release|Any CPU
		{93E984DE-4E71-4351-A92A-9A6C36492F2C}.Debug|Any CPU.ActiveCfg = Debug|Any CPU
		{93E984DE-4E71-4351-A92A-9A6C36492F2C}.Debug|Any CPU.Build.0 = Debug|Any CPU
		{93E984DE-4E71-4351-A92A-9A6C36492F2C}.Debug|Mixed Platforms.ActiveCfg = Debug|Any CPU
		{93E984DE-4E71-4351-A92A-9A6C36492F2C}.Debug|Mixed Platforms.Build.0 = Debug|Any CPU
		{93E984DE-4E71-4351-A92A-9A6C36492F2C}.Debug|Win32.ActiveCfg = Debug|Any CPU
		{93E984DE-4E71-4351-A92A-9A6C36492F2C}.Debug|x64.ActiveCfg = Debug|x64
		{93E984DE-4E71-4351-A92A-9A6C36492F2C}.Debug|x64.Build.0 = Debug|x64
		{93E984DE-4E71-4351-A92A-9A6C36492F2C}.Debug|x86.ActiveCfg = Debug|Any CPU
		{93E984DE-4E71-4351-A92A-9A6C36492F2C}.Release|Any CPU.ActiveCfg = Release|Any CPU
		{93E984DE-4E71-4351-A92A-9A6C36492F2C}.Release|Any CPU.Build.0 = Release|Any CPU
		{93E984DE-4E71-4351-A92A-9A6C36492F2C}.Release|Mixed Platforms.ActiveCfg = Release|Any CPU
		{93E984DE-4E71-4351-A92A-9A6C36492F2C}.Release|Mixed Platforms.Build.0 = Release|Any CPU
		{93E984DE-4E71-4351-A92A-9A6C36492F2C}.Release|Win32.ActiveCfg = Release|Any CPU
		{93E984DE-4E71-4351-A92A-9A6C36492F2C}.Release|x64.ActiveCfg = Release|x64
		{93E984DE-4E71-4351-A92A-9A6C36492F2C}.Release|x64.Build.0 = Release|x64
		{93E984DE-4E71-4351-A92A-9A6C36492F2C}.Release|x86.ActiveCfg = Release|Any CPU
		{69901E31-188C-4D9B-9803-CDDB14B8AF25}.Debug|Any CPU.ActiveCfg = Debug|Any CPU
		{69901E31-188C-4D9B-9803-CDDB14B8AF25}.Debug|Any CPU.Build.0 = Debug|Any CPU
		{69901E31-188C-4D9B-9803-CDDB14B8AF25}.Debug|Mixed Platforms.ActiveCfg = Debug|Any CPU
		{69901E31-188C-4D9B-9803-CDDB14B8AF25}.Debug|Mixed Platforms.Build.0 = Debug|Any CPU
		{69901E31-188C-4D9B-9803-CDDB14B8AF25}.Debug|Win32.ActiveCfg = Debug|Any CPU
		{69901E31-188C-4D9B-9803-CDDB14B8AF25}.Debug|x64.ActiveCfg = Debug|x64
		{69901E31-188C-4D9B-9803-CDDB14B8AF25}.Debug|x64.Build.0 = Debug|x64
		{69901E31-188C-4D9B-9803-CDDB14B8AF25}.Debug|x86.ActiveCfg = Debug|Any CPU
		{69901E31-188C-4D9B-9803-CDDB14B8AF25}.Release|Any CPU.ActiveCfg = Release|Any CPU
		{69901E31-188C-4D9B-9803-CDDB14B8AF25}.Release|Any CPU.Build.0 = Release|Any CPU
		{69901E31-188C-4D9B-9803-CDDB14B8AF25}.Release|Mixed Platforms.ActiveCfg = Release|Any CPU
		{69901E31-188C-4D9B-9803-CDDB14B8AF25}.Release|Mixed Platforms.Build.0 = Release|Any CPU
		{69901E31-188C-4D9B-9803-CDDB14B8AF25}.Release|Win32.ActiveCfg = Release|Any CPU
		{69901E31-188C-4D9B-9803-CDDB14B8AF25}.Release|x64.ActiveCfg = Release|x64
		{69901E31-188C-4D9B-9803-CDDB14B8AF25}.Release|x64.Build.0 = Release|x64
		{69901E31-188C-4D9B-9803-CDDB14B8AF25}.Release|x86.ActiveCfg = Release|Any CPU
		{3E87644D-3B5A-4837-9CAF-50FBD084D4F0}.Debug|Any CPU.ActiveCfg = Debug|Any CPU
		{3E87644D-3B5A-4837-9CAF-50FBD084D4F0}.Debug|Any CPU.Build.0 = Debug|Any CPU
		{3E87644D-3B5A-4837-9CAF-50FBD084D4F0}.Debug|Mixed Platforms.ActiveCfg = Debug|Any CPU
		{3E87644D-3B5A-4837-9CAF-50FBD084D4F0}.Debug|Mixed Platforms.Build.0 = Debug|Any CPU
		{3E87644D-3B5A-4837-9CAF-50FBD084D4F0}.Debug|Win32.ActiveCfg = Debug|Any CPU
		{3E87644D-3B5A-4837-9CAF-50FBD084D4F0}.Debug|x64.ActiveCfg = Debug|x64
		{3E87644D-3B5A-4837-9CAF-50FBD084D4F0}.Debug|x64.Build.0 = Debug|x64
		{3E87644D-3B5A-4837-9CAF-50FBD084D4F0}.Debug|x86.ActiveCfg = Debug|Any CPU
		{3E87644D-3B5A-4837-9CAF-50FBD084D4F0}.Release|Any CPU.ActiveCfg = Release|Any CPU
		{3E87644D-3B5A-4837-9CAF-50FBD084D4F0}.Release|Any CPU.Build.0 = Release|Any CPU
		{3E87644D-3B5A-4837-9CAF-50FBD084D4F0}.Release|Mixed Platforms.ActiveCfg = Release|Any CPU
		{3E87644D-3B5A-4837-9CAF-50FBD084D4F0}.Release|Mixed Platforms.Build.0 = Release|Any CPU
		{3E87644D-3B5A-4837-9CAF-50FBD084D4F0}.Release|Win32.ActiveCfg = Release|Any CPU
		{3E87644D-3B5A-4837-9CAF-50FBD084D4F0}.Release|x64.ActiveCfg = Release|x64
		{3E87644D-3B5A-4837-9CAF-50FBD084D4F0}.Release|x64.Build.0 = Release|x64
		{3E87644D-3B5A-4837-9CAF-50FBD084D4F0}.Release|x86.ActiveCfg = Release|Any CPU
		{A9FF5FF2-7D74-4799-A091-815C5C851C8E}.Debug|Any CPU.ActiveCfg = Debug|Any CPU
		{A9FF5FF2-7D74-4799-A091-815C5C851C8E}.Debug|Any CPU.Build.0 = Debug|Any CPU
		{A9FF5FF2-7D74-4799-A091-815C5C851C8E}.Debug|Mixed Platforms.ActiveCfg = Debug|Any CPU
		{A9FF5FF2-7D74-4799-A091-815C5C851C8E}.Debug|Mixed Platforms.Build.0 = Debug|Any CPU
		{A9FF5FF2-7D74-4799-A091-815C5C851C8E}.Debug|Win32.ActiveCfg = Debug|Any CPU
		{A9FF5FF2-7D74-4799-A091-815C5C851C8E}.Debug|x64.ActiveCfg = Debug|x64
		{A9FF5FF2-7D74-4799-A091-815C5C851C8E}.Debug|x64.Build.0 = Debug|x64
		{A9FF5FF2-7D74-4799-A091-815C5C851C8E}.Debug|x86.ActiveCfg = Debug|Any CPU
		{A9FF5FF2-7D74-4799-A091-815C5C851C8E}.Release|Any CPU.ActiveCfg = Release|Any CPU
		{A9FF5FF2-7D74-4799-A091-815C5C851C8E}.Release|Any CPU.Build.0 = Release|Any CPU
		{A9FF5FF2-7D74-4799-A091-815C5C851C8E}.Release|Mixed Platforms.ActiveCfg = Release|Any CPU
		{A9FF5FF2-7D74-4799-A091-815C5C851C8E}.Release|Mixed Platforms.Build.0 = Release|Any CPU
		{A9FF5FF2-7D74-4799-A091-815C5C851C8E}.Release|Win32.ActiveCfg = Release|Any CPU
		{A9FF5FF2-7D74-4799-A091-815C5C851C8E}.Release|x64.ActiveCfg = Release|x64
		{A9FF5FF2-7D74-4799-A091-815C5C851C8E}.Release|x64.Build.0 = Release|x64
		{A9FF5FF2-7D74-4799-A091-815C5C851C8E}.Release|x86.ActiveCfg = Release|Any CPU
		{36F55E38-A973-4598-BBD4-71671923A502}.Debug|Any CPU.ActiveCfg = Debug|Any CPU
		{36F55E38-A973-4598-BBD4-71671923A502}.Debug|Any CPU.Build.0 = Debug|Any CPU
		{36F55E38-A973-4598-BBD4-71671923A502}.Debug|Mixed Platforms.ActiveCfg = Debug|Any CPU
		{36F55E38-A973-4598-BBD4-71671923A502}.Debug|Mixed Platforms.Build.0 = Debug|Any CPU
		{36F55E38-A973-4598-BBD4-71671923A502}.Debug|Win32.ActiveCfg = Debug|Any CPU
		{36F55E38-A973-4598-BBD4-71671923A502}.Debug|x64.ActiveCfg = Debug|x64
		{36F55E38-A973-4598-BBD4-71671923A502}.Debug|x64.Build.0 = Debug|x64
		{36F55E38-A973-4598-BBD4-71671923A502}.Debug|x86.ActiveCfg = Debug|Any CPU
		{36F55E38-A973-4598-BBD4-71671923A502}.Release|Any CPU.ActiveCfg = Release|Any CPU
		{36F55E38-A973-4598-BBD4-71671923A502}.Release|Any CPU.Build.0 = Release|Any CPU
		{36F55E38-A973-4598-BBD4-71671923A502}.Release|Mixed Platforms.ActiveCfg = Release|Any CPU
		{36F55E38-A973-4598-BBD4-71671923A502}.Release|Mixed Platforms.Build.0 = Release|Any CPU
		{36F55E38-A973-4598-BBD4-71671923A502}.Release|Win32.ActiveCfg = Release|Any CPU
		{36F55E38-A973-4598-BBD4-71671923A502}.Release|x64.ActiveCfg = Release|x64
		{36F55E38-A973-4598-BBD4-71671923A502}.Release|x64.Build.0 = Release|x64
		{36F55E38-A973-4598-BBD4-71671923A502}.Release|x86.ActiveCfg = Release|Any CPU
		{CB44127A-1D1B-4720-B0A2-2F20A1FE0D63}.Debug|Any CPU.ActiveCfg = Debug|Any CPU
		{CB44127A-1D1B-4720-B0A2-2F20A1FE0D63}.Debug|Any CPU.Build.0 = Debug|Any CPU
		{CB44127A-1D1B-4720-B0A2-2F20A1FE0D63}.Debug|Mixed Platforms.ActiveCfg = Debug|Any CPU
		{CB44127A-1D1B-4720-B0A2-2F20A1FE0D63}.Debug|Mixed Platforms.Build.0 = Debug|Any CPU
		{CB44127A-1D1B-4720-B0A2-2F20A1FE0D63}.Debug|Win32.ActiveCfg = Debug|Any CPU
		{CB44127A-1D1B-4720-B0A2-2F20A1FE0D63}.Debug|x64.ActiveCfg = Debug|x64
		{CB44127A-1D1B-4720-B0A2-2F20A1FE0D63}.Debug|x64.Build.0 = Debug|x64
		{CB44127A-1D1B-4720-B0A2-2F20A1FE0D63}.Debug|x86.ActiveCfg = Debug|Any CPU
		{CB44127A-1D1B-4720-B0A2-2F20A1FE0D63}.Release|Any CPU.ActiveCfg = Release|Any CPU
		{CB44127A-1D1B-4720-B0A2-2F20A1FE0D63}.Release|Any CPU.Build.0 = Release|Any CPU
		{CB44127A-1D1B-4720-B0A2-2F20A1FE0D63}.Release|Mixed Platforms.ActiveCfg = Release|Any CPU
		{CB44127A-1D1B-4720-B0A2-2F20A1FE0D63}.Release|Mixed Platforms.Build.0 = Release|Any CPU
		{CB44127A-1D1B-4720-B0A2-2F20A1FE0D63}.Release|Win32.ActiveCfg = Release|Any CPU
		{CB44127A-1D1B-4720-B0A2-2F20A1FE0D63}.Release|x64.ActiveCfg = Release|x64
		{CB44127A-1D1B-4720-B0A2-2F20A1FE0D63}.Release|x64.Build.0 = Release|x64
		{CB44127A-1D1B-4720-B0A2-2F20A1FE0D63}.Release|x86.ActiveCfg = Release|Any CPU
		{2EDD60F4-E2E3-4246-B45A-FDF69DC3E47D}.Debug|Any CPU.ActiveCfg = Debug|x64
		{2EDD60F4-E2E3-4246-B45A-FDF69DC3E47D}.Debug|Mixed Platforms.ActiveCfg = Debug|x64
		{2EDD60F4-E2E3-4246-B45A-FDF69DC3E47D}.Debug|Mixed Platforms.Build.0 = Debug|x64
		{2EDD60F4-E2E3-4246-B45A-FDF69DC3E47D}.Debug|Mixed Platforms.Deploy.0 = Debug|x64
		{2EDD60F4-E2E3-4246-B45A-FDF69DC3E47D}.Debug|Win32.ActiveCfg = Debug|x64
		{2EDD60F4-E2E3-4246-B45A-FDF69DC3E47D}.Debug|x64.ActiveCfg = Debug|x64
		{2EDD60F4-E2E3-4246-B45A-FDF69DC3E47D}.Debug|x64.Build.0 = Debug|x64
		{2EDD60F4-E2E3-4246-B45A-FDF69DC3E47D}.Debug|x64.Deploy.0 = Debug|x64
		{2EDD60F4-E2E3-4246-B45A-FDF69DC3E47D}.Debug|x86.ActiveCfg = Debug|x64
		{2EDD60F4-E2E3-4246-B45A-FDF69DC3E47D}.Release|Any CPU.ActiveCfg = Release|x64
		{2EDD60F4-E2E3-4246-B45A-FDF69DC3E47D}.Release|Mixed Platforms.ActiveCfg = Release|x64
		{2EDD60F4-E2E3-4246-B45A-FDF69DC3E47D}.Release|Mixed Platforms.Build.0 = Release|x64
		{2EDD60F4-E2E3-4246-B45A-FDF69DC3E47D}.Release|Mixed Platforms.Deploy.0 = Release|x64
		{2EDD60F4-E2E3-4246-B45A-FDF69DC3E47D}.Release|Win32.ActiveCfg = Release|x64
		{2EDD60F4-E2E3-4246-B45A-FDF69DC3E47D}.Release|x64.ActiveCfg = Release|x64
		{2EDD60F4-E2E3-4246-B45A-FDF69DC3E47D}.Release|x64.Build.0 = Release|x64
		{2EDD60F4-E2E3-4246-B45A-FDF69DC3E47D}.Release|x64.Deploy.0 = Release|x64
		{2EDD60F4-E2E3-4246-B45A-FDF69DC3E47D}.Release|x86.ActiveCfg = Release|x64
		{7B20B1A9-49D8-424B-9AC5-48E02AD1623E}.Debug|Any CPU.ActiveCfg = Debug|x64
		{7B20B1A9-49D8-424B-9AC5-48E02AD1623E}.Debug|Mixed Platforms.ActiveCfg = Debug|x64
		{7B20B1A9-49D8-424B-9AC5-48E02AD1623E}.Debug|Mixed Platforms.Build.0 = Debug|x64
		{7B20B1A9-49D8-424B-9AC5-48E02AD1623E}.Debug|Win32.ActiveCfg = Debug|x64
		{7B20B1A9-49D8-424B-9AC5-48E02AD1623E}.Debug|x64.ActiveCfg = Debug|x64
		{7B20B1A9-49D8-424B-9AC5-48E02AD1623E}.Debug|x64.Build.0 = Debug|x64
		{7B20B1A9-49D8-424B-9AC5-48E02AD1623E}.Debug|x86.ActiveCfg = Debug|x64
		{7B20B1A9-49D8-424B-9AC5-48E02AD1623E}.Release|Any CPU.ActiveCfg = Release|x64
		{7B20B1A9-49D8-424B-9AC5-48E02AD1623E}.Release|Mixed Platforms.ActiveCfg = Release|x64
		{7B20B1A9-49D8-424B-9AC5-48E02AD1623E}.Release|Mixed Platforms.Build.0 = Release|x64
		{7B20B1A9-49D8-424B-9AC5-48E02AD1623E}.Release|Win32.ActiveCfg = Release|x64
		{7B20B1A9-49D8-424B-9AC5-48E02AD1623E}.Release|x64.ActiveCfg = Release|x64
		{7B20B1A9-49D8-424B-9AC5-48E02AD1623E}.Release|x64.Build.0 = Release|x64
		{7B20B1A9-49D8-424B-9AC5-48E02AD1623E}.Release|x86.ActiveCfg = Release|x64
		{18509D0E-1697-4C08-BE19-6C71DE905163}.Debug|Any CPU.ActiveCfg = Debug|x64
		{18509D0E-1697-4C08-BE19-6C71DE905163}.Debug|Mixed Platforms.ActiveCfg = Debug|x64
		{18509D0E-1697-4C08-BE19-6C71DE905163}.Debug|Mixed Platforms.Build.0 = Debug|x64
		{18509D0E-1697-4C08-BE19-6C71DE905163}.Debug|Mixed Platforms.Deploy.0 = Debug|x64
		{18509D0E-1697-4C08-BE19-6C71DE905163}.Debug|Win32.ActiveCfg = Debug|x64
		{18509D0E-1697-4C08-BE19-6C71DE905163}.Debug|x64.ActiveCfg = Debug|x64
		{18509D0E-1697-4C08-BE19-6C71DE905163}.Debug|x64.Build.0 = Debug|x64
		{18509D0E-1697-4C08-BE19-6C71DE905163}.Debug|x64.Deploy.0 = Debug|x64
		{18509D0E-1697-4C08-BE19-6C71DE905163}.Debug|x86.ActiveCfg = Debug|x64
		{18509D0E-1697-4C08-BE19-6C71DE905163}.Release|Any CPU.ActiveCfg = Release|x64
		{18509D0E-1697-4C08-BE19-6C71DE905163}.Release|Mixed Platforms.ActiveCfg = Release|x64
		{18509D0E-1697-4C08-BE19-6C71DE905163}.Release|Mixed Platforms.Build.0 = Release|x64
		{18509D0E-1697-4C08-BE19-6C71DE905163}.Release|Mixed Platforms.Deploy.0 = Release|x64
		{18509D0E-1697-4C08-BE19-6C71DE905163}.Release|Win32.ActiveCfg = Release|x64
		{18509D0E-1697-4C08-BE19-6C71DE905163}.Release|x64.ActiveCfg = Release|x64
		{18509D0E-1697-4C08-BE19-6C71DE905163}.Release|x64.Build.0 = Release|x64
		{18509D0E-1697-4C08-BE19-6C71DE905163}.Release|x64.Deploy.0 = Release|x64
		{18509D0E-1697-4C08-BE19-6C71DE905163}.Release|x86.ActiveCfg = Release|x64
		{1B68C2BC-CBCC-4722-92FD-D5EF08191644}.Debug|Any CPU.ActiveCfg = Debug|x64
		{1B68C2BC-CBCC-4722-92FD-D5EF08191644}.Debug|Mixed Platforms.ActiveCfg = Debug|x64
		{1B68C2BC-CBCC-4722-92FD-D5EF08191644}.Debug|Mixed Platforms.Build.0 = Debug|x64
		{1B68C2BC-CBCC-4722-92FD-D5EF08191644}.Debug|Win32.ActiveCfg = Debug|x64
		{1B68C2BC-CBCC-4722-92FD-D5EF08191644}.Debug|x64.ActiveCfg = Debug|x64
		{1B68C2BC-CBCC-4722-92FD-D5EF08191644}.Debug|x64.Build.0 = Debug|x64
		{1B68C2BC-CBCC-4722-92FD-D5EF08191644}.Debug|x86.ActiveCfg = Debug|x64
		{1B68C2BC-CBCC-4722-92FD-D5EF08191644}.Release|Any CPU.ActiveCfg = Release|x64
		{1B68C2BC-CBCC-4722-92FD-D5EF08191644}.Release|Mixed Platforms.ActiveCfg = Release|x64
		{1B68C2BC-CBCC-4722-92FD-D5EF08191644}.Release|Mixed Platforms.Build.0 = Release|x64
		{1B68C2BC-CBCC-4722-92FD-D5EF08191644}.Release|Win32.ActiveCfg = Release|x64
		{1B68C2BC-CBCC-4722-92FD-D5EF08191644}.Release|x64.ActiveCfg = Release|x64
		{1B68C2BC-CBCC-4722-92FD-D5EF08191644}.Release|x64.Build.0 = Release|x64
		{1B68C2BC-CBCC-4722-92FD-D5EF08191644}.Release|x86.ActiveCfg = Release|x64
		{6C9C924C-0016-40F7-A7BE-9D094DC18A7A}.Debug|Any CPU.ActiveCfg = Debug|x64
		{6C9C924C-0016-40F7-A7BE-9D094DC18A7A}.Debug|Mixed Platforms.ActiveCfg = Debug|x64
		{6C9C924C-0016-40F7-A7BE-9D094DC18A7A}.Debug|Mixed Platforms.Build.0 = Debug|x64
		{6C9C924C-0016-40F7-A7BE-9D094DC18A7A}.Debug|Win32.ActiveCfg = Debug|x64
		{6C9C924C-0016-40F7-A7BE-9D094DC18A7A}.Debug|x64.ActiveCfg = Debug|x64
		{6C9C924C-0016-40F7-A7BE-9D094DC18A7A}.Debug|x64.Build.0 = Debug|x64
		{6C9C924C-0016-40F7-A7BE-9D094DC18A7A}.Debug|x86.ActiveCfg = Debug|x64
		{6C9C924C-0016-40F7-A7BE-9D094DC18A7A}.Release|Any CPU.ActiveCfg = Release|x64
		{6C9C924C-0016-40F7-A7BE-9D094DC18A7A}.Release|Mixed Platforms.ActiveCfg = Release|x64
		{6C9C924C-0016-40F7-A7BE-9D094DC18A7A}.Release|Mixed Platforms.Build.0 = Release|x64
		{6C9C924C-0016-40F7-A7BE-9D094DC18A7A}.Release|Win32.ActiveCfg = Release|x64
		{6C9C924C-0016-40F7-A7BE-9D094DC18A7A}.Release|x64.ActiveCfg = Release|x64
		{6C9C924C-0016-40F7-A7BE-9D094DC18A7A}.Release|x64.Build.0 = Release|x64
		{6C9C924C-0016-40F7-A7BE-9D094DC18A7A}.Release|x86.ActiveCfg = Release|x64
		{FB37C80B-3563-4B51-8E01-7EEDEAD3494F}.Debug|Any CPU.ActiveCfg = Debug|x64
		{FB37C80B-3563-4B51-8E01-7EEDEAD3494F}.Debug|Mixed Platforms.ActiveCfg = Debug|x64
		{FB37C80B-3563-4B51-8E01-7EEDEAD3494F}.Debug|Mixed Platforms.Build.0 = Debug|x64
		{FB37C80B-3563-4B51-8E01-7EEDEAD3494F}.Debug|Win32.ActiveCfg = Debug|x64
		{FB37C80B-3563-4B51-8E01-7EEDEAD3494F}.Debug|x64.ActiveCfg = Debug|x64
		{FB37C80B-3563-4B51-8E01-7EEDEAD3494F}.Debug|x64.Build.0 = Debug|x64
		{FB37C80B-3563-4B51-8E01-7EEDEAD3494F}.Debug|x86.ActiveCfg = Debug|x64
		{FB37C80B-3563-4B51-8E01-7EEDEAD3494F}.Release|Any CPU.ActiveCfg = Release|x64
		{FB37C80B-3563-4B51-8E01-7EEDEAD3494F}.Release|Mixed Platforms.ActiveCfg = Release|x64
		{FB37C80B-3563-4B51-8E01-7EEDEAD3494F}.Release|Mixed Platforms.Build.0 = Release|x64
		{FB37C80B-3563-4B51-8E01-7EEDEAD3494F}.Release|Win32.ActiveCfg = Release|x64
		{FB37C80B-3563-4B51-8E01-7EEDEAD3494F}.Release|x64.ActiveCfg = Release|x64
		{FB37C80B-3563-4B51-8E01-7EEDEAD3494F}.Release|x64.Build.0 = Release|x64
		{FB37C80B-3563-4B51-8E01-7EEDEAD3494F}.Release|x86.ActiveCfg = Release|x64
		{D2BA30F0-A02A-4143-BF2F-3C60DA81A04D}.Debug|Any CPU.ActiveCfg = Debug|x64
		{D2BA30F0-A02A-4143-BF2F-3C60DA81A04D}.Debug|Mixed Platforms.ActiveCfg = Debug|x64
		{D2BA30F0-A02A-4143-BF2F-3C60DA81A04D}.Debug|Mixed Platforms.Build.0 = Debug|x64
		{D2BA30F0-A02A-4143-BF2F-3C60DA81A04D}.Debug|Win32.ActiveCfg = Debug|x64
		{D2BA30F0-A02A-4143-BF2F-3C60DA81A04D}.Debug|x64.ActiveCfg = Debug|x64
		{D2BA30F0-A02A-4143-BF2F-3C60DA81A04D}.Debug|x64.Build.0 = Debug|x64
		{D2BA30F0-A02A-4143-BF2F-3C60DA81A04D}.Debug|x86.ActiveCfg = Debug|x64
		{D2BA30F0-A02A-4143-BF2F-3C60DA81A04D}.Release|Any CPU.ActiveCfg = Release|x64
		{D2BA30F0-A02A-4143-BF2F-3C60DA81A04D}.Release|Mixed Platforms.ActiveCfg = Release|x64
		{D2BA30F0-A02A-4143-BF2F-3C60DA81A04D}.Release|Mixed Platforms.Build.0 = Release|x64
		{D2BA30F0-A02A-4143-BF2F-3C60DA81A04D}.Release|Win32.ActiveCfg = Release|x64
		{D2BA30F0-A02A-4143-BF2F-3C60DA81A04D}.Release|x64.ActiveCfg = Release|x64
		{D2BA30F0-A02A-4143-BF2F-3C60DA81A04D}.Release|x64.Build.0 = Release|x64
		{D2BA30F0-A02A-4143-BF2F-3C60DA81A04D}.Release|x86.ActiveCfg = Release|x64
		{2DD48970-2087-4697-97B4-C81C60D6C5E7}.Debug|Any CPU.ActiveCfg = Debug|x64
		{2DD48970-2087-4697-97B4-C81C60D6C5E7}.Debug|Mixed Platforms.ActiveCfg = Debug|x64
		{2DD48970-2087-4697-97B4-C81C60D6C5E7}.Debug|Mixed Platforms.Build.0 = Debug|x64
		{2DD48970-2087-4697-97B4-C81C60D6C5E7}.Debug|Win32.ActiveCfg = Debug|x64
		{2DD48970-2087-4697-97B4-C81C60D6C5E7}.Debug|x64.ActiveCfg = Debug|x64
		{2DD48970-2087-4697-97B4-C81C60D6C5E7}.Debug|x64.Build.0 = Debug|x64
		{2DD48970-2087-4697-97B4-C81C60D6C5E7}.Debug|x86.ActiveCfg = Debug|x64
		{2DD48970-2087-4697-97B4-C81C60D6C5E7}.Release|Any CPU.ActiveCfg = Release|x64
		{2DD48970-2087-4697-97B4-C81C60D6C5E7}.Release|Mixed Platforms.ActiveCfg = Release|x64
		{2DD48970-2087-4697-97B4-C81C60D6C5E7}.Release|Mixed Platforms.Build.0 = Release|x64
		{2DD48970-2087-4697-97B4-C81C60D6C5E7}.Release|Win32.ActiveCfg = Release|x64
		{2DD48970-2087-4697-97B4-C81C60D6C5E7}.Release|x64.ActiveCfg = Release|x64
		{2DD48970-2087-4697-97B4-C81C60D6C5E7}.Release|x64.Build.0 = Release|x64
		{2DD48970-2087-4697-97B4-C81C60D6C5E7}.Release|x86.ActiveCfg = Release|x64
		{9C2EA653-0F29-46D6-9D5B-EB6B2C864DAC}.Debug|Any CPU.ActiveCfg = Debug|Any CPU
		{9C2EA653-0F29-46D6-9D5B-EB6B2C864DAC}.Debug|Any CPU.Build.0 = Debug|Any CPU
		{9C2EA653-0F29-46D6-9D5B-EB6B2C864DAC}.Debug|Mixed Platforms.ActiveCfg = Debug|Any CPU
		{9C2EA653-0F29-46D6-9D5B-EB6B2C864DAC}.Debug|Mixed Platforms.Build.0 = Debug|Any CPU
		{9C2EA653-0F29-46D6-9D5B-EB6B2C864DAC}.Debug|Win32.ActiveCfg = Debug|Any CPU
		{9C2EA653-0F29-46D6-9D5B-EB6B2C864DAC}.Debug|Win32.Build.0 = Debug|Any CPU
		{9C2EA653-0F29-46D6-9D5B-EB6B2C864DAC}.Debug|x64.ActiveCfg = Debug|x64
		{9C2EA653-0F29-46D6-9D5B-EB6B2C864DAC}.Debug|x64.Build.0 = Debug|x64
		{9C2EA653-0F29-46D6-9D5B-EB6B2C864DAC}.Debug|x86.ActiveCfg = Debug|Any CPU
		{9C2EA653-0F29-46D6-9D5B-EB6B2C864DAC}.Debug|x86.Build.0 = Debug|Any CPU
		{9C2EA653-0F29-46D6-9D5B-EB6B2C864DAC}.Release|Any CPU.ActiveCfg = Release|Any CPU
		{9C2EA653-0F29-46D6-9D5B-EB6B2C864DAC}.Release|Any CPU.Build.0 = Release|Any CPU
		{9C2EA653-0F29-46D6-9D5B-EB6B2C864DAC}.Release|Mixed Platforms.ActiveCfg = Release|Any CPU
		{9C2EA653-0F29-46D6-9D5B-EB6B2C864DAC}.Release|Mixed Platforms.Build.0 = Release|Any CPU
		{9C2EA653-0F29-46D6-9D5B-EB6B2C864DAC}.Release|Win32.ActiveCfg = Release|Any CPU
		{9C2EA653-0F29-46D6-9D5B-EB6B2C864DAC}.Release|Win32.Build.0 = Release|Any CPU
		{9C2EA653-0F29-46D6-9D5B-EB6B2C864DAC}.Release|x64.ActiveCfg = Release|x64
		{9C2EA653-0F29-46D6-9D5B-EB6B2C864DAC}.Release|x64.Build.0 = Release|x64
		{9C2EA653-0F29-46D6-9D5B-EB6B2C864DAC}.Release|x86.ActiveCfg = Release|Any CPU
		{9C2EA653-0F29-46D6-9D5B-EB6B2C864DAC}.Release|x86.Build.0 = Release|Any CPU
		{38EA29F1-293D-4190-B639-46411C8F166B}.Debug|Any CPU.ActiveCfg = Debug|Any CPU
		{38EA29F1-293D-4190-B639-46411C8F166B}.Debug|Any CPU.Build.0 = Debug|Any CPU
		{38EA29F1-293D-4190-B639-46411C8F166B}.Debug|Mixed Platforms.ActiveCfg = Debug|Any CPU
		{38EA29F1-293D-4190-B639-46411C8F166B}.Debug|Mixed Platforms.Build.0 = Debug|Any CPU
		{38EA29F1-293D-4190-B639-46411C8F166B}.Debug|Win32.ActiveCfg = Debug|Any CPU
		{38EA29F1-293D-4190-B639-46411C8F166B}.Debug|Win32.Build.0 = Debug|Any CPU
		{38EA29F1-293D-4190-B639-46411C8F166B}.Debug|x64.ActiveCfg = Debug|x64
		{38EA29F1-293D-4190-B639-46411C8F166B}.Debug|x64.Build.0 = Debug|x64
		{38EA29F1-293D-4190-B639-46411C8F166B}.Debug|x86.ActiveCfg = Debug|Any CPU
		{38EA29F1-293D-4190-B639-46411C8F166B}.Debug|x86.Build.0 = Debug|Any CPU
		{38EA29F1-293D-4190-B639-46411C8F166B}.Release|Any CPU.ActiveCfg = Release|Any CPU
		{38EA29F1-293D-4190-B639-46411C8F166B}.Release|Any CPU.Build.0 = Release|Any CPU
		{38EA29F1-293D-4190-B639-46411C8F166B}.Release|Mixed Platforms.ActiveCfg = Release|Any CPU
		{38EA29F1-293D-4190-B639-46411C8F166B}.Release|Mixed Platforms.Build.0 = Release|Any CPU
		{38EA29F1-293D-4190-B639-46411C8F166B}.Release|Win32.ActiveCfg = Release|Any CPU
		{38EA29F1-293D-4190-B639-46411C8F166B}.Release|Win32.Build.0 = Release|Any CPU
		{38EA29F1-293D-4190-B639-46411C8F166B}.Release|x64.ActiveCfg = Release|x64
		{38EA29F1-293D-4190-B639-46411C8F166B}.Release|x64.Build.0 = Release|x64
		{38EA29F1-293D-4190-B639-46411C8F166B}.Release|x86.ActiveCfg = Release|Any CPU
		{38EA29F1-293D-4190-B639-46411C8F166B}.Release|x86.Build.0 = Release|Any CPU
		{EAD79270-0682-4DC4-8A93-FBB9809DB43A}.Debug|Any CPU.ActiveCfg = Debug|x64
		{EAD79270-0682-4DC4-8A93-FBB9809DB43A}.Debug|Mixed Platforms.ActiveCfg = Debug|x64
		{EAD79270-0682-4DC4-8A93-FBB9809DB43A}.Debug|Mixed Platforms.Build.0 = Debug|x64
		{EAD79270-0682-4DC4-8A93-FBB9809DB43A}.Debug|Mixed Platforms.Deploy.0 = Debug|x64
		{EAD79270-0682-4DC4-8A93-FBB9809DB43A}.Debug|Win32.ActiveCfg = Debug|x64
		{EAD79270-0682-4DC4-8A93-FBB9809DB43A}.Debug|x64.ActiveCfg = Debug|x64
		{EAD79270-0682-4DC4-8A93-FBB9809DB43A}.Debug|x64.Build.0 = Debug|x64
		{EAD79270-0682-4DC4-8A93-FBB9809DB43A}.Debug|x64.Deploy.0 = Debug|x64
		{EAD79270-0682-4DC4-8A93-FBB9809DB43A}.Debug|x86.ActiveCfg = Debug|x64
		{EAD79270-0682-4DC4-8A93-FBB9809DB43A}.Release|Any CPU.ActiveCfg = Release|x64
		{EAD79270-0682-4DC4-8A93-FBB9809DB43A}.Release|Mixed Platforms.ActiveCfg = Release|x64
		{EAD79270-0682-4DC4-8A93-FBB9809DB43A}.Release|Mixed Platforms.Build.0 = Release|x64
		{EAD79270-0682-4DC4-8A93-FBB9809DB43A}.Release|Mixed Platforms.Deploy.0 = Release|x64
		{EAD79270-0682-4DC4-8A93-FBB9809DB43A}.Release|Win32.ActiveCfg = Release|x64
		{EAD79270-0682-4DC4-8A93-FBB9809DB43A}.Release|x64.ActiveCfg = Release|x64
		{EAD79270-0682-4DC4-8A93-FBB9809DB43A}.Release|x64.Build.0 = Release|x64
		{EAD79270-0682-4DC4-8A93-FBB9809DB43A}.Release|x64.Deploy.0 = Release|x64
		{EAD79270-0682-4DC4-8A93-FBB9809DB43A}.Release|x86.ActiveCfg = Release|x64
		{8DA44BC4-2A12-4F86-A2AD-8BF4C361710B}.Debug|Any CPU.ActiveCfg = Debug|x64
		{8DA44BC4-2A12-4F86-A2AD-8BF4C361710B}.Debug|Mixed Platforms.ActiveCfg = Debug|x64
		{8DA44BC4-2A12-4F86-A2AD-8BF4C361710B}.Debug|Mixed Platforms.Build.0 = Debug|x64
		{8DA44BC4-2A12-4F86-A2AD-8BF4C361710B}.Debug|Win32.ActiveCfg = Debug|x64
		{8DA44BC4-2A12-4F86-A2AD-8BF4C361710B}.Debug|x64.ActiveCfg = Debug|x64
		{8DA44BC4-2A12-4F86-A2AD-8BF4C361710B}.Debug|x64.Build.0 = Debug|x64
		{8DA44BC4-2A12-4F86-A2AD-8BF4C361710B}.Debug|x86.ActiveCfg = Debug|x64
		{8DA44BC4-2A12-4F86-A2AD-8BF4C361710B}.Release|Any CPU.ActiveCfg = Release|x64
		{8DA44BC4-2A12-4F86-A2AD-8BF4C361710B}.Release|Mixed Platforms.ActiveCfg = Release|x64
		{8DA44BC4-2A12-4F86-A2AD-8BF4C361710B}.Release|Mixed Platforms.Build.0 = Release|x64
		{8DA44BC4-2A12-4F86-A2AD-8BF4C361710B}.Release|Win32.ActiveCfg = Release|x64
		{8DA44BC4-2A12-4F86-A2AD-8BF4C361710B}.Release|x64.ActiveCfg = Release|x64
		{8DA44BC4-2A12-4F86-A2AD-8BF4C361710B}.Release|x64.Build.0 = Release|x64
		{8DA44BC4-2A12-4F86-A2AD-8BF4C361710B}.Release|x86.ActiveCfg = Release|x64
		{E7375446-B711-4A2D-85F8-9D8E8C91DF82}.Debug|Any CPU.ActiveCfg = Debug|x64
		{E7375446-B711-4A2D-85F8-9D8E8C91DF82}.Debug|Mixed Platforms.ActiveCfg = Debug|x64
		{E7375446-B711-4A2D-85F8-9D8E8C91DF82}.Debug|Mixed Platforms.Build.0 = Debug|x64
		{E7375446-B711-4A2D-85F8-9D8E8C91DF82}.Debug|Win32.ActiveCfg = Debug|x64
		{E7375446-B711-4A2D-85F8-9D8E8C91DF82}.Debug|x64.ActiveCfg = Debug|x64
		{E7375446-B711-4A2D-85F8-9D8E8C91DF82}.Debug|x64.Build.0 = Debug|x64
		{E7375446-B711-4A2D-85F8-9D8E8C91DF82}.Debug|x86.ActiveCfg = Debug|x64
		{E7375446-B711-4A2D-85F8-9D8E8C91DF82}.Release|Any CPU.ActiveCfg = Release|x64
		{E7375446-B711-4A2D-85F8-9D8E8C91DF82}.Release|Mixed Platforms.ActiveCfg = Release|x64
		{E7375446-B711-4A2D-85F8-9D8E8C91DF82}.Release|Mixed Platforms.Build.0 = Release|x64
		{E7375446-B711-4A2D-85F8-9D8E8C91DF82}.Release|Win32.ActiveCfg = Release|x64
		{E7375446-B711-4A2D-85F8-9D8E8C91DF82}.Release|x64.ActiveCfg = Release|x64
		{E7375446-B711-4A2D-85F8-9D8E8C91DF82}.Release|x64.Build.0 = Release|x64
		{E7375446-B711-4A2D-85F8-9D8E8C91DF82}.Release|x86.ActiveCfg = Release|x64
		{FF3BC128-E463-4867-836E-C4AEA134DE5F}.Debug|Any CPU.ActiveCfg = Debug|x64
		{FF3BC128-E463-4867-836E-C4AEA134DE5F}.Debug|Mixed Platforms.ActiveCfg = Debug|x64
		{FF3BC128-E463-4867-836E-C4AEA134DE5F}.Debug|Mixed Platforms.Build.0 = Debug|x64
		{FF3BC128-E463-4867-836E-C4AEA134DE5F}.Debug|Win32.ActiveCfg = Debug|x64
		{FF3BC128-E463-4867-836E-C4AEA134DE5F}.Debug|x64.ActiveCfg = Debug|x64
		{FF3BC128-E463-4867-836E-C4AEA134DE5F}.Debug|x64.Build.0 = Debug|x64
		{FF3BC128-E463-4867-836E-C4AEA134DE5F}.Debug|x86.ActiveCfg = Debug|x64
		{FF3BC128-E463-4867-836E-C4AEA134DE5F}.Release|Any CPU.ActiveCfg = Release|x64
		{FF3BC128-E463-4867-836E-C4AEA134DE5F}.Release|Mixed Platforms.ActiveCfg = Release|x64
		{FF3BC128-E463-4867-836E-C4AEA134DE5F}.Release|Mixed Platforms.Build.0 = Release|x64
		{FF3BC128-E463-4867-836E-C4AEA134DE5F}.Release|Win32.ActiveCfg = Release|x64
		{FF3BC128-E463-4867-836E-C4AEA134DE5F}.Release|x64.ActiveCfg = Release|x64
		{FF3BC128-E463-4867-836E-C4AEA134DE5F}.Release|x64.Build.0 = Release|x64
		{FF3BC128-E463-4867-836E-C4AEA134DE5F}.Release|x86.ActiveCfg = Release|x64
		{D60DB4AB-34CF-41D2-A7D8-60F1FB07C4EE}.Debug|Any CPU.ActiveCfg = Debug|Any CPU
		{D60DB4AB-34CF-41D2-A7D8-60F1FB07C4EE}.Debug|Any CPU.Build.0 = Debug|Any CPU
		{D60DB4AB-34CF-41D2-A7D8-60F1FB07C4EE}.Debug|Mixed Platforms.ActiveCfg = Debug|Any CPU
		{D60DB4AB-34CF-41D2-A7D8-60F1FB07C4EE}.Debug|Mixed Platforms.Build.0 = Debug|Any CPU
		{D60DB4AB-34CF-41D2-A7D8-60F1FB07C4EE}.Debug|Win32.ActiveCfg = Debug|Any CPU
		{D60DB4AB-34CF-41D2-A7D8-60F1FB07C4EE}.Debug|Win32.Build.0 = Debug|Any CPU
		{D60DB4AB-34CF-41D2-A7D8-60F1FB07C4EE}.Debug|x64.ActiveCfg = Debug|x64
		{D60DB4AB-34CF-41D2-A7D8-60F1FB07C4EE}.Debug|x64.Build.0 = Debug|x64
		{D60DB4AB-34CF-41D2-A7D8-60F1FB07C4EE}.Debug|x86.ActiveCfg = Debug|Any CPU
		{D60DB4AB-34CF-41D2-A7D8-60F1FB07C4EE}.Debug|x86.Build.0 = Debug|Any CPU
		{D60DB4AB-34CF-41D2-A7D8-60F1FB07C4EE}.Release|Any CPU.ActiveCfg = Release|Any CPU
		{D60DB4AB-34CF-41D2-A7D8-60F1FB07C4EE}.Release|Any CPU.Build.0 = Release|Any CPU
		{D60DB4AB-34CF-41D2-A7D8-60F1FB07C4EE}.Release|Mixed Platforms.ActiveCfg = Release|Any CPU
		{D60DB4AB-34CF-41D2-A7D8-60F1FB07C4EE}.Release|Mixed Platforms.Build.0 = Release|Any CPU
		{D60DB4AB-34CF-41D2-A7D8-60F1FB07C4EE}.Release|Win32.ActiveCfg = Release|Any CPU
		{D60DB4AB-34CF-41D2-A7D8-60F1FB07C4EE}.Release|Win32.Build.0 = Release|Any CPU
		{D60DB4AB-34CF-41D2-A7D8-60F1FB07C4EE}.Release|x64.ActiveCfg = Release|x64
		{D60DB4AB-34CF-41D2-A7D8-60F1FB07C4EE}.Release|x64.Build.0 = Release|x64
		{D60DB4AB-34CF-41D2-A7D8-60F1FB07C4EE}.Release|x86.ActiveCfg = Release|Any CPU
		{D60DB4AB-34CF-41D2-A7D8-60F1FB07C4EE}.Release|x86.Build.0 = Release|Any CPU
		{D5A74861-CB91-40B6-A6B7-B12F805C95D5}.Debug|Any CPU.ActiveCfg = Debug|Any CPU
		{D5A74861-CB91-40B6-A6B7-B12F805C95D5}.Debug|Any CPU.Build.0 = Debug|Any CPU
		{D5A74861-CB91-40B6-A6B7-B12F805C95D5}.Debug|Mixed Platforms.ActiveCfg = Debug|Any CPU
		{D5A74861-CB91-40B6-A6B7-B12F805C95D5}.Debug|Mixed Platforms.Build.0 = Debug|Any CPU
		{D5A74861-CB91-40B6-A6B7-B12F805C95D5}.Debug|Win32.ActiveCfg = Debug|Any CPU
		{D5A74861-CB91-40B6-A6B7-B12F805C95D5}.Debug|Win32.Build.0 = Debug|Any CPU
		{D5A74861-CB91-40B6-A6B7-B12F805C95D5}.Debug|x64.ActiveCfg = Debug|x64
		{D5A74861-CB91-40B6-A6B7-B12F805C95D5}.Debug|x64.Build.0 = Debug|x64
		{D5A74861-CB91-40B6-A6B7-B12F805C95D5}.Debug|x86.ActiveCfg = Debug|Any CPU
		{D5A74861-CB91-40B6-A6B7-B12F805C95D5}.Debug|x86.Build.0 = Debug|Any CPU
		{D5A74861-CB91-40B6-A6B7-B12F805C95D5}.Release|Any CPU.ActiveCfg = Release|Any CPU
		{D5A74861-CB91-40B6-A6B7-B12F805C95D5}.Release|Any CPU.Build.0 = Release|Any CPU
		{D5A74861-CB91-40B6-A6B7-B12F805C95D5}.Release|Mixed Platforms.ActiveCfg = Release|Any CPU
		{D5A74861-CB91-40B6-A6B7-B12F805C95D5}.Release|Mixed Platforms.Build.0 = Release|Any CPU
		{D5A74861-CB91-40B6-A6B7-B12F805C95D5}.Release|Win32.ActiveCfg = Release|Any CPU
		{D5A74861-CB91-40B6-A6B7-B12F805C95D5}.Release|Win32.Build.0 = Release|Any CPU
		{D5A74861-CB91-40B6-A6B7-B12F805C95D5}.Release|x64.ActiveCfg = Release|x64
		{D5A74861-CB91-40B6-A6B7-B12F805C95D5}.Release|x64.Build.0 = Release|x64
		{D5A74861-CB91-40B6-A6B7-B12F805C95D5}.Release|x86.ActiveCfg = Release|Any CPU
		{D5A74861-CB91-40B6-A6B7-B12F805C95D5}.Release|x86.Build.0 = Release|Any CPU
		{40DD1272-912D-440A-9C81-7C162C279CFE}.Debug|Any CPU.ActiveCfg = Debug|Any CPU
		{40DD1272-912D-440A-9C81-7C162C279CFE}.Debug|Any CPU.Build.0 = Debug|Any CPU
		{40DD1272-912D-440A-9C81-7C162C279CFE}.Debug|Mixed Platforms.ActiveCfg = Debug|Any CPU
		{40DD1272-912D-440A-9C81-7C162C279CFE}.Debug|Mixed Platforms.Build.0 = Debug|Any CPU
		{40DD1272-912D-440A-9C81-7C162C279CFE}.Debug|Win32.ActiveCfg = Debug|Any CPU
		{40DD1272-912D-440A-9C81-7C162C279CFE}.Debug|Win32.Build.0 = Debug|Any CPU
		{40DD1272-912D-440A-9C81-7C162C279CFE}.Debug|x64.ActiveCfg = Debug|x64
		{40DD1272-912D-440A-9C81-7C162C279CFE}.Debug|x64.Build.0 = Debug|x64
		{40DD1272-912D-440A-9C81-7C162C279CFE}.Debug|x86.ActiveCfg = Debug|Any CPU
		{40DD1272-912D-440A-9C81-7C162C279CFE}.Debug|x86.Build.0 = Debug|Any CPU
		{40DD1272-912D-440A-9C81-7C162C279CFE}.Release|Any CPU.ActiveCfg = Release|Any CPU
		{40DD1272-912D-440A-9C81-7C162C279CFE}.Release|Any CPU.Build.0 = Release|Any CPU
		{40DD1272-912D-440A-9C81-7C162C279CFE}.Release|Mixed Platforms.ActiveCfg = Release|Any CPU
		{40DD1272-912D-440A-9C81-7C162C279CFE}.Release|Mixed Platforms.Build.0 = Release|Any CPU
		{40DD1272-912D-440A-9C81-7C162C279CFE}.Release|Win32.ActiveCfg = Release|Any CPU
		{40DD1272-912D-440A-9C81-7C162C279CFE}.Release|Win32.Build.0 = Release|Any CPU
		{40DD1272-912D-440A-9C81-7C162C279CFE}.Release|x64.ActiveCfg = Release|x64
		{40DD1272-912D-440A-9C81-7C162C279CFE}.Release|x64.Build.0 = Release|x64
		{40DD1272-912D-440A-9C81-7C162C279CFE}.Release|x86.ActiveCfg = Release|Any CPU
		{40DD1272-912D-440A-9C81-7C162C279CFE}.Release|x86.Build.0 = Release|Any CPU
		{7815217B-88B2-4880-BDED-D3DE1F33A66F}.Debug|Any CPU.ActiveCfg = Debug|Any CPU
		{7815217B-88B2-4880-BDED-D3DE1F33A66F}.Debug|Any CPU.Build.0 = Debug|Any CPU
		{7815217B-88B2-4880-BDED-D3DE1F33A66F}.Debug|Mixed Platforms.ActiveCfg = Debug|Any CPU
		{7815217B-88B2-4880-BDED-D3DE1F33A66F}.Debug|Mixed Platforms.Build.0 = Debug|Any CPU
		{7815217B-88B2-4880-BDED-D3DE1F33A66F}.Debug|Win32.ActiveCfg = Debug|Any CPU
		{7815217B-88B2-4880-BDED-D3DE1F33A66F}.Debug|Win32.Build.0 = Debug|Any CPU
		{7815217B-88B2-4880-BDED-D3DE1F33A66F}.Debug|x64.ActiveCfg = Debug|x64
		{7815217B-88B2-4880-BDED-D3DE1F33A66F}.Debug|x64.Build.0 = Debug|x64
		{7815217B-88B2-4880-BDED-D3DE1F33A66F}.Debug|x86.ActiveCfg = Debug|Any CPU
		{7815217B-88B2-4880-BDED-D3DE1F33A66F}.Debug|x86.Build.0 = Debug|Any CPU
		{7815217B-88B2-4880-BDED-D3DE1F33A66F}.Release|Any CPU.ActiveCfg = Release|Any CPU
		{7815217B-88B2-4880-BDED-D3DE1F33A66F}.Release|Any CPU.Build.0 = Release|Any CPU
		{7815217B-88B2-4880-BDED-D3DE1F33A66F}.Release|Mixed Platforms.ActiveCfg = Release|Any CPU
		{7815217B-88B2-4880-BDED-D3DE1F33A66F}.Release|Mixed Platforms.Build.0 = Release|Any CPU
		{7815217B-88B2-4880-BDED-D3DE1F33A66F}.Release|Win32.ActiveCfg = Release|Any CPU
		{7815217B-88B2-4880-BDED-D3DE1F33A66F}.Release|Win32.Build.0 = Release|Any CPU
		{7815217B-88B2-4880-BDED-D3DE1F33A66F}.Release|x64.ActiveCfg = Release|x64
		{7815217B-88B2-4880-BDED-D3DE1F33A66F}.Release|x64.Build.0 = Release|x64
		{7815217B-88B2-4880-BDED-D3DE1F33A66F}.Release|x86.ActiveCfg = Release|Any CPU
		{7815217B-88B2-4880-BDED-D3DE1F33A66F}.Release|x86.Build.0 = Release|Any CPU
		{E7BD5310-0AC8-43DC-A71D-A979C626D194}.Debug|Any CPU.ActiveCfg = Debug|Any CPU
		{E7BD5310-0AC8-43DC-A71D-A979C626D194}.Debug|Any CPU.Build.0 = Debug|Any CPU
		{E7BD5310-0AC8-43DC-A71D-A979C626D194}.Debug|Mixed Platforms.ActiveCfg = Debug|Any CPU
		{E7BD5310-0AC8-43DC-A71D-A979C626D194}.Debug|Mixed Platforms.Build.0 = Debug|Any CPU
		{E7BD5310-0AC8-43DC-A71D-A979C626D194}.Debug|Win32.ActiveCfg = Debug|Any CPU
		{E7BD5310-0AC8-43DC-A71D-A979C626D194}.Debug|Win32.Build.0 = Debug|Any CPU
		{E7BD5310-0AC8-43DC-A71D-A979C626D194}.Debug|x64.ActiveCfg = Debug|x64
		{E7BD5310-0AC8-43DC-A71D-A979C626D194}.Debug|x64.Build.0 = Debug|x64
		{E7BD5310-0AC8-43DC-A71D-A979C626D194}.Debug|x86.ActiveCfg = Debug|Any CPU
		{E7BD5310-0AC8-43DC-A71D-A979C626D194}.Debug|x86.Build.0 = Debug|Any CPU
		{E7BD5310-0AC8-43DC-A71D-A979C626D194}.Release|Any CPU.ActiveCfg = Release|Any CPU
		{E7BD5310-0AC8-43DC-A71D-A979C626D194}.Release|Any CPU.Build.0 = Release|Any CPU
		{E7BD5310-0AC8-43DC-A71D-A979C626D194}.Release|Mixed Platforms.ActiveCfg = Release|Any CPU
		{E7BD5310-0AC8-43DC-A71D-A979C626D194}.Release|Mixed Platforms.Build.0 = Release|Any CPU
		{E7BD5310-0AC8-43DC-A71D-A979C626D194}.Release|Win32.ActiveCfg = Release|Any CPU
		{E7BD5310-0AC8-43DC-A71D-A979C626D194}.Release|Win32.Build.0 = Release|Any CPU
		{E7BD5310-0AC8-43DC-A71D-A979C626D194}.Release|x64.ActiveCfg = Release|x64
		{E7BD5310-0AC8-43DC-A71D-A979C626D194}.Release|x64.Build.0 = Release|x64
		{E7BD5310-0AC8-43DC-A71D-A979C626D194}.Release|x86.ActiveCfg = Release|Any CPU
		{E7BD5310-0AC8-43DC-A71D-A979C626D194}.Release|x86.Build.0 = Release|Any CPU
		{C5C16400-2827-419A-A0ED-94FA42A01B24}.Debug|Any CPU.ActiveCfg = Debug|Any CPU
		{C5C16400-2827-419A-A0ED-94FA42A01B24}.Debug|Any CPU.Build.0 = Debug|Any CPU
		{C5C16400-2827-419A-A0ED-94FA42A01B24}.Debug|Mixed Platforms.ActiveCfg = Debug|Any CPU
		{C5C16400-2827-419A-A0ED-94FA42A01B24}.Debug|Mixed Platforms.Build.0 = Debug|Any CPU
		{C5C16400-2827-419A-A0ED-94FA42A01B24}.Debug|Win32.ActiveCfg = Debug|Any CPU
		{C5C16400-2827-419A-A0ED-94FA42A01B24}.Debug|Win32.Build.0 = Debug|Any CPU
		{C5C16400-2827-419A-A0ED-94FA42A01B24}.Debug|x64.ActiveCfg = Debug|x64
		{C5C16400-2827-419A-A0ED-94FA42A01B24}.Debug|x64.Build.0 = Debug|x64
		{C5C16400-2827-419A-A0ED-94FA42A01B24}.Debug|x86.ActiveCfg = Debug|Any CPU
		{C5C16400-2827-419A-A0ED-94FA42A01B24}.Debug|x86.Build.0 = Debug|Any CPU
		{C5C16400-2827-419A-A0ED-94FA42A01B24}.Release|Any CPU.ActiveCfg = Release|Any CPU
		{C5C16400-2827-419A-A0ED-94FA42A01B24}.Release|Any CPU.Build.0 = Release|Any CPU
		{C5C16400-2827-419A-A0ED-94FA42A01B24}.Release|Mixed Platforms.ActiveCfg = Release|Any CPU
		{C5C16400-2827-419A-A0ED-94FA42A01B24}.Release|Mixed Platforms.Build.0 = Release|Any CPU
		{C5C16400-2827-419A-A0ED-94FA42A01B24}.Release|Win32.ActiveCfg = Release|Any CPU
		{C5C16400-2827-419A-A0ED-94FA42A01B24}.Release|Win32.Build.0 = Release|Any CPU
		{C5C16400-2827-419A-A0ED-94FA42A01B24}.Release|x64.ActiveCfg = Release|x64
		{C5C16400-2827-419A-A0ED-94FA42A01B24}.Release|x64.Build.0 = Release|x64
		{C5C16400-2827-419A-A0ED-94FA42A01B24}.Release|x86.ActiveCfg = Release|Any CPU
		{C5C16400-2827-419A-A0ED-94FA42A01B24}.Release|x86.Build.0 = Release|Any CPU
		{56DA3163-5D28-473F-BFC4-5C19107F0425}.Debug|Any CPU.ActiveCfg = Debug|Any CPU
		{56DA3163-5D28-473F-BFC4-5C19107F0425}.Debug|Any CPU.Build.0 = Debug|Any CPU
		{56DA3163-5D28-473F-BFC4-5C19107F0425}.Debug|Mixed Platforms.ActiveCfg = Debug|Any CPU
		{56DA3163-5D28-473F-BFC4-5C19107F0425}.Debug|Mixed Platforms.Build.0 = Debug|Any CPU
		{56DA3163-5D28-473F-BFC4-5C19107F0425}.Debug|Win32.ActiveCfg = Debug|Any CPU
		{56DA3163-5D28-473F-BFC4-5C19107F0425}.Debug|Win32.Build.0 = Debug|Any CPU
		{56DA3163-5D28-473F-BFC4-5C19107F0425}.Debug|x64.ActiveCfg = Debug|x64
		{56DA3163-5D28-473F-BFC4-5C19107F0425}.Debug|x64.Build.0 = Debug|x64
		{56DA3163-5D28-473F-BFC4-5C19107F0425}.Debug|x86.ActiveCfg = Debug|Any CPU
		{56DA3163-5D28-473F-BFC4-5C19107F0425}.Debug|x86.Build.0 = Debug|Any CPU
		{56DA3163-5D28-473F-BFC4-5C19107F0425}.Release|Any CPU.ActiveCfg = Release|Any CPU
		{56DA3163-5D28-473F-BFC4-5C19107F0425}.Release|Any CPU.Build.0 = Release|Any CPU
		{56DA3163-5D28-473F-BFC4-5C19107F0425}.Release|Mixed Platforms.ActiveCfg = Release|Any CPU
		{56DA3163-5D28-473F-BFC4-5C19107F0425}.Release|Mixed Platforms.Build.0 = Release|Any CPU
		{56DA3163-5D28-473F-BFC4-5C19107F0425}.Release|Win32.ActiveCfg = Release|Any CPU
		{56DA3163-5D28-473F-BFC4-5C19107F0425}.Release|Win32.Build.0 = Release|Any CPU
		{56DA3163-5D28-473F-BFC4-5C19107F0425}.Release|x64.ActiveCfg = Release|x64
		{56DA3163-5D28-473F-BFC4-5C19107F0425}.Release|x64.Build.0 = Release|x64
		{56DA3163-5D28-473F-BFC4-5C19107F0425}.Release|x86.ActiveCfg = Release|Any CPU
		{56DA3163-5D28-473F-BFC4-5C19107F0425}.Release|x86.Build.0 = Release|Any CPU
		{E178EF7A-4BEB-4C34-AEE0-7B4F361F0721}.Debug|Any CPU.ActiveCfg = Debug|Any CPU
		{E178EF7A-4BEB-4C34-AEE0-7B4F361F0721}.Debug|Any CPU.Build.0 = Debug|Any CPU
		{E178EF7A-4BEB-4C34-AEE0-7B4F361F0721}.Debug|Mixed Platforms.ActiveCfg = Debug|Any CPU
		{E178EF7A-4BEB-4C34-AEE0-7B4F361F0721}.Debug|Mixed Platforms.Build.0 = Debug|Any CPU
		{E178EF7A-4BEB-4C34-AEE0-7B4F361F0721}.Debug|Win32.ActiveCfg = Debug|Any CPU
		{E178EF7A-4BEB-4C34-AEE0-7B4F361F0721}.Debug|Win32.Build.0 = Debug|Any CPU
		{E178EF7A-4BEB-4C34-AEE0-7B4F361F0721}.Debug|x64.ActiveCfg = Debug|x64
		{E178EF7A-4BEB-4C34-AEE0-7B4F361F0721}.Debug|x64.Build.0 = Debug|x64
		{E178EF7A-4BEB-4C34-AEE0-7B4F361F0721}.Debug|x86.ActiveCfg = Debug|Any CPU
		{E178EF7A-4BEB-4C34-AEE0-7B4F361F0721}.Debug|x86.Build.0 = Debug|Any CPU
		{E178EF7A-4BEB-4C34-AEE0-7B4F361F0721}.Release|Any CPU.ActiveCfg = Release|Any CPU
		{E178EF7A-4BEB-4C34-AEE0-7B4F361F0721}.Release|Any CPU.Build.0 = Release|Any CPU
		{E178EF7A-4BEB-4C34-AEE0-7B4F361F0721}.Release|Mixed Platforms.ActiveCfg = Release|Any CPU
		{E178EF7A-4BEB-4C34-AEE0-7B4F361F0721}.Release|Mixed Platforms.Build.0 = Release|Any CPU
		{E178EF7A-4BEB-4C34-AEE0-7B4F361F0721}.Release|Win32.ActiveCfg = Release|Any CPU
		{E178EF7A-4BEB-4C34-AEE0-7B4F361F0721}.Release|Win32.Build.0 = Release|Any CPU
		{E178EF7A-4BEB-4C34-AEE0-7B4F361F0721}.Release|x64.ActiveCfg = Release|x64
		{E178EF7A-4BEB-4C34-AEE0-7B4F361F0721}.Release|x64.Build.0 = Release|x64
		{E178EF7A-4BEB-4C34-AEE0-7B4F361F0721}.Release|x86.ActiveCfg = Release|Any CPU
		{E178EF7A-4BEB-4C34-AEE0-7B4F361F0721}.Release|x86.Build.0 = Release|Any CPU
		{3065D663-3CDD-480C-886E-1FA6778787DC}.Debug|Any CPU.ActiveCfg = Debug|Any CPU
		{3065D663-3CDD-480C-886E-1FA6778787DC}.Debug|Any CPU.Build.0 = Debug|Any CPU
		{3065D663-3CDD-480C-886E-1FA6778787DC}.Debug|Mixed Platforms.ActiveCfg = Debug|Any CPU
		{3065D663-3CDD-480C-886E-1FA6778787DC}.Debug|Mixed Platforms.Build.0 = Debug|Any CPU
		{3065D663-3CDD-480C-886E-1FA6778787DC}.Debug|Win32.ActiveCfg = Debug|Any CPU
		{3065D663-3CDD-480C-886E-1FA6778787DC}.Debug|Win32.Build.0 = Debug|Any CPU
		{3065D663-3CDD-480C-886E-1FA6778787DC}.Debug|x64.ActiveCfg = Debug|x64
		{3065D663-3CDD-480C-886E-1FA6778787DC}.Debug|x64.Build.0 = Debug|x64
		{3065D663-3CDD-480C-886E-1FA6778787DC}.Debug|x86.ActiveCfg = Debug|Any CPU
		{3065D663-3CDD-480C-886E-1FA6778787DC}.Debug|x86.Build.0 = Debug|Any CPU
		{3065D663-3CDD-480C-886E-1FA6778787DC}.Release|Any CPU.ActiveCfg = Release|Any CPU
		{3065D663-3CDD-480C-886E-1FA6778787DC}.Release|Any CPU.Build.0 = Release|Any CPU
		{3065D663-3CDD-480C-886E-1FA6778787DC}.Release|Mixed Platforms.ActiveCfg = Release|Any CPU
		{3065D663-3CDD-480C-886E-1FA6778787DC}.Release|Mixed Platforms.Build.0 = Release|Any CPU
		{3065D663-3CDD-480C-886E-1FA6778787DC}.Release|Win32.ActiveCfg = Release|Any CPU
		{3065D663-3CDD-480C-886E-1FA6778787DC}.Release|Win32.Build.0 = Release|Any CPU
		{3065D663-3CDD-480C-886E-1FA6778787DC}.Release|x64.ActiveCfg = Release|x64
		{3065D663-3CDD-480C-886E-1FA6778787DC}.Release|x64.Build.0 = Release|x64
		{3065D663-3CDD-480C-886E-1FA6778787DC}.Release|x86.ActiveCfg = Release|Any CPU
		{3065D663-3CDD-480C-886E-1FA6778787DC}.Release|x86.Build.0 = Release|Any CPU
		{9C51312E-2CA0-469A-939E-A2555A751C58}.Debug|Any CPU.ActiveCfg = Debug|Any CPU
		{9C51312E-2CA0-469A-939E-A2555A751C58}.Debug|Any CPU.Build.0 = Debug|Any CPU
		{9C51312E-2CA0-469A-939E-A2555A751C58}.Debug|Mixed Platforms.ActiveCfg = Debug|Any CPU
		{9C51312E-2CA0-469A-939E-A2555A751C58}.Debug|Mixed Platforms.Build.0 = Debug|Any CPU
		{9C51312E-2CA0-469A-939E-A2555A751C58}.Debug|Win32.ActiveCfg = Debug|Any CPU
		{9C51312E-2CA0-469A-939E-A2555A751C58}.Debug|Win32.Build.0 = Debug|Any CPU
		{9C51312E-2CA0-469A-939E-A2555A751C58}.Debug|x64.ActiveCfg = Debug|x64
		{9C51312E-2CA0-469A-939E-A2555A751C58}.Debug|x64.Build.0 = Debug|x64
		{9C51312E-2CA0-469A-939E-A2555A751C58}.Debug|x86.ActiveCfg = Debug|Any CPU
		{9C51312E-2CA0-469A-939E-A2555A751C58}.Debug|x86.Build.0 = Debug|Any CPU
		{9C51312E-2CA0-469A-939E-A2555A751C58}.Release|Any CPU.ActiveCfg = Release|Any CPU
		{9C51312E-2CA0-469A-939E-A2555A751C58}.Release|Any CPU.Build.0 = Release|Any CPU
		{9C51312E-2CA0-469A-939E-A2555A751C58}.Release|Mixed Platforms.ActiveCfg = Release|Any CPU
		{9C51312E-2CA0-469A-939E-A2555A751C58}.Release|Mixed Platforms.Build.0 = Release|Any CPU
		{9C51312E-2CA0-469A-939E-A2555A751C58}.Release|Win32.ActiveCfg = Release|Any CPU
		{9C51312E-2CA0-469A-939E-A2555A751C58}.Release|Win32.Build.0 = Release|Any CPU
		{9C51312E-2CA0-469A-939E-A2555A751C58}.Release|x64.ActiveCfg = Release|x64
		{9C51312E-2CA0-469A-939E-A2555A751C58}.Release|x64.Build.0 = Release|x64
		{9C51312E-2CA0-469A-939E-A2555A751C58}.Release|x86.ActiveCfg = Release|Any CPU
		{9C51312E-2CA0-469A-939E-A2555A751C58}.Release|x86.Build.0 = Release|Any CPU
		{EC08A99D-8FBD-4833-B217-18A4817E8289}.Debug|Any CPU.ActiveCfg = Debug|x64
		{EC08A99D-8FBD-4833-B217-18A4817E8289}.Debug|Mixed Platforms.ActiveCfg = Debug|x64
		{EC08A99D-8FBD-4833-B217-18A4817E8289}.Debug|Mixed Platforms.Build.0 = Debug|x64
		{EC08A99D-8FBD-4833-B217-18A4817E8289}.Debug|Mixed Platforms.Deploy.0 = Debug|x64
		{EC08A99D-8FBD-4833-B217-18A4817E8289}.Debug|Win32.ActiveCfg = Debug|x64
		{EC08A99D-8FBD-4833-B217-18A4817E8289}.Debug|x64.ActiveCfg = Debug|x64
		{EC08A99D-8FBD-4833-B217-18A4817E8289}.Debug|x64.Build.0 = Debug|x64
		{EC08A99D-8FBD-4833-B217-18A4817E8289}.Debug|x64.Deploy.0 = Debug|x64
		{EC08A99D-8FBD-4833-B217-18A4817E8289}.Debug|x86.ActiveCfg = Debug|x64
		{EC08A99D-8FBD-4833-B217-18A4817E8289}.Release|Any CPU.ActiveCfg = Release|x64
		{EC08A99D-8FBD-4833-B217-18A4817E8289}.Release|Mixed Platforms.ActiveCfg = Release|x64
		{EC08A99D-8FBD-4833-B217-18A4817E8289}.Release|Mixed Platforms.Build.0 = Release|x64
		{EC08A99D-8FBD-4833-B217-18A4817E8289}.Release|Mixed Platforms.Deploy.0 = Release|x64
		{EC08A99D-8FBD-4833-B217-18A4817E8289}.Release|Win32.ActiveCfg = Release|x64
		{EC08A99D-8FBD-4833-B217-18A4817E8289}.Release|x64.ActiveCfg = Release|x64
		{EC08A99D-8FBD-4833-B217-18A4817E8289}.Release|x64.Build.0 = Release|x64
		{EC08A99D-8FBD-4833-B217-18A4817E8289}.Release|x64.Deploy.0 = Release|x64
		{EC08A99D-8FBD-4833-B217-18A4817E8289}.Release|x86.ActiveCfg = Release|x64
		{74934B9E-4FFC-4F14-94B1-B20DA1F9E28E}.Debug|Any CPU.ActiveCfg = Debug|x64
		{74934B9E-4FFC-4F14-94B1-B20DA1F9E28E}.Debug|Mixed Platforms.ActiveCfg = Debug|x64
		{74934B9E-4FFC-4F14-94B1-B20DA1F9E28E}.Debug|Mixed Platforms.Build.0 = Debug|x64
		{74934B9E-4FFC-4F14-94B1-B20DA1F9E28E}.Debug|Win32.ActiveCfg = Debug|x64
		{74934B9E-4FFC-4F14-94B1-B20DA1F9E28E}.Debug|x64.ActiveCfg = Debug|x64
		{74934B9E-4FFC-4F14-94B1-B20DA1F9E28E}.Debug|x64.Build.0 = Debug|x64
		{74934B9E-4FFC-4F14-94B1-B20DA1F9E28E}.Debug|x86.ActiveCfg = Debug|x64
		{74934B9E-4FFC-4F14-94B1-B20DA1F9E28E}.Release|Any CPU.ActiveCfg = Release|x64
		{74934B9E-4FFC-4F14-94B1-B20DA1F9E28E}.Release|Mixed Platforms.ActiveCfg = Release|x64
		{74934B9E-4FFC-4F14-94B1-B20DA1F9E28E}.Release|Mixed Platforms.Build.0 = Release|x64
		{74934B9E-4FFC-4F14-94B1-B20DA1F9E28E}.Release|Win32.ActiveCfg = Release|x64
		{74934B9E-4FFC-4F14-94B1-B20DA1F9E28E}.Release|x64.ActiveCfg = Release|x64
		{74934B9E-4FFC-4F14-94B1-B20DA1F9E28E}.Release|x64.Build.0 = Release|x64
		{74934B9E-4FFC-4F14-94B1-B20DA1F9E28E}.Release|x86.ActiveCfg = Release|x64
		{416FF026-DA4C-467B-B148-E0D171462DE5}.Debug|Any CPU.ActiveCfg = Debug|x64
		{416FF026-DA4C-467B-B148-E0D171462DE5}.Debug|Mixed Platforms.ActiveCfg = Debug|x64
		{416FF026-DA4C-467B-B148-E0D171462DE5}.Debug|Mixed Platforms.Build.0 = Debug|x64
		{416FF026-DA4C-467B-B148-E0D171462DE5}.Debug|Mixed Platforms.Deploy.0 = Debug|x64
		{416FF026-DA4C-467B-B148-E0D171462DE5}.Debug|Win32.ActiveCfg = Debug|x64
		{416FF026-DA4C-467B-B148-E0D171462DE5}.Debug|x64.ActiveCfg = Debug|x64
		{416FF026-DA4C-467B-B148-E0D171462DE5}.Debug|x64.Build.0 = Debug|x64
		{416FF026-DA4C-467B-B148-E0D171462DE5}.Debug|x64.Deploy.0 = Debug|x64
		{416FF026-DA4C-467B-B148-E0D171462DE5}.Debug|x86.ActiveCfg = Debug|x64
		{416FF026-DA4C-467B-B148-E0D171462DE5}.Release|Any CPU.ActiveCfg = Release|x64
		{416FF026-DA4C-467B-B148-E0D171462DE5}.Release|Mixed Platforms.ActiveCfg = Release|x64
		{416FF026-DA4C-467B-B148-E0D171462DE5}.Release|Mixed Platforms.Build.0 = Release|x64
		{416FF026-DA4C-467B-B148-E0D171462DE5}.Release|Mixed Platforms.Deploy.0 = Release|x64
		{416FF026-DA4C-467B-B148-E0D171462DE5}.Release|Win32.ActiveCfg = Release|x64
		{416FF026-DA4C-467B-B148-E0D171462DE5}.Release|x64.ActiveCfg = Release|x64
		{416FF026-DA4C-467B-B148-E0D171462DE5}.Release|x64.Build.0 = Release|x64
		{416FF026-DA4C-467B-B148-E0D171462DE5}.Release|x64.Deploy.0 = Release|x64
		{416FF026-DA4C-467B-B148-E0D171462DE5}.Release|x86.ActiveCfg = Release|x64
		{69EB4199-0C1F-468A-BB2D-6A277995D13A}.Debug|Any CPU.ActiveCfg = Debug|x64
		{69EB4199-0C1F-468A-BB2D-6A277995D13A}.Debug|Mixed Platforms.ActiveCfg = Debug|x64
		{69EB4199-0C1F-468A-BB2D-6A277995D13A}.Debug|Mixed Platforms.Build.0 = Debug|x64
		{69EB4199-0C1F-468A-BB2D-6A277995D13A}.Debug|Win32.ActiveCfg = Debug|x64
		{69EB4199-0C1F-468A-BB2D-6A277995D13A}.Debug|x64.ActiveCfg = Debug|x64
		{69EB4199-0C1F-468A-BB2D-6A277995D13A}.Debug|x64.Build.0 = Debug|x64
		{69EB4199-0C1F-468A-BB2D-6A277995D13A}.Debug|x86.ActiveCfg = Debug|x64
		{69EB4199-0C1F-468A-BB2D-6A277995D13A}.Release|Any CPU.ActiveCfg = Release|x64
		{69EB4199-0C1F-468A-BB2D-6A277995D13A}.Release|Mixed Platforms.ActiveCfg = Release|x64
		{69EB4199-0C1F-468A-BB2D-6A277995D13A}.Release|Mixed Platforms.Build.0 = Release|x64
		{69EB4199-0C1F-468A-BB2D-6A277995D13A}.Release|Win32.ActiveCfg = Release|x64
		{69EB4199-0C1F-468A-BB2D-6A277995D13A}.Release|x64.ActiveCfg = Release|x64
		{69EB4199-0C1F-468A-BB2D-6A277995D13A}.Release|x64.Build.0 = Release|x64
		{69EB4199-0C1F-468A-BB2D-6A277995D13A}.Release|x86.ActiveCfg = Release|x64
		{2F81EB21-B314-4E03-B969-9B1162C537F1}.Debug|Any CPU.ActiveCfg = Debug|Any CPU
		{2F81EB21-B314-4E03-B969-9B1162C537F1}.Debug|Any CPU.Build.0 = Debug|Any CPU
		{2F81EB21-B314-4E03-B969-9B1162C537F1}.Debug|Mixed Platforms.ActiveCfg = Debug|Any CPU
		{2F81EB21-B314-4E03-B969-9B1162C537F1}.Debug|Mixed Platforms.Build.0 = Debug|Any CPU
		{2F81EB21-B314-4E03-B969-9B1162C537F1}.Debug|Win32.ActiveCfg = Debug|Any CPU
		{2F81EB21-B314-4E03-B969-9B1162C537F1}.Debug|Win32.Build.0 = Debug|Any CPU
		{2F81EB21-B314-4E03-B969-9B1162C537F1}.Debug|x64.ActiveCfg = Debug|x64
		{2F81EB21-B314-4E03-B969-9B1162C537F1}.Debug|x64.Build.0 = Debug|x64
		{2F81EB21-B314-4E03-B969-9B1162C537F1}.Debug|x86.ActiveCfg = Debug|Any CPU
		{2F81EB21-B314-4E03-B969-9B1162C537F1}.Debug|x86.Build.0 = Debug|Any CPU
		{2F81EB21-B314-4E03-B969-9B1162C537F1}.Release|Any CPU.ActiveCfg = Release|Any CPU
		{2F81EB21-B314-4E03-B969-9B1162C537F1}.Release|Any CPU.Build.0 = Release|Any CPU
		{2F81EB21-B314-4E03-B969-9B1162C537F1}.Release|Mixed Platforms.ActiveCfg = Release|Any CPU
		{2F81EB21-B314-4E03-B969-9B1162C537F1}.Release|Mixed Platforms.Build.0 = Release|Any CPU
		{2F81EB21-B314-4E03-B969-9B1162C537F1}.Release|Win32.ActiveCfg = Release|Any CPU
		{2F81EB21-B314-4E03-B969-9B1162C537F1}.Release|Win32.Build.0 = Release|Any CPU
		{2F81EB21-B314-4E03-B969-9B1162C537F1}.Release|x64.ActiveCfg = Release|Any CPU
		{2F81EB21-B314-4E03-B969-9B1162C537F1}.Release|x64.Build.0 = Release|Any CPU
		{2F81EB21-B314-4E03-B969-9B1162C537F1}.Release|x86.ActiveCfg = Release|Any CPU
		{2F81EB21-B314-4E03-B969-9B1162C537F1}.Release|x86.Build.0 = Release|Any CPU
		{BEC50EF2-E3D5-457B-A098-12089FFC2527}.Debug|Any CPU.ActiveCfg = Debug|x64
		{BEC50EF2-E3D5-457B-A098-12089FFC2527}.Debug|Mixed Platforms.ActiveCfg = Debug|x64
		{BEC50EF2-E3D5-457B-A098-12089FFC2527}.Debug|Mixed Platforms.Build.0 = Debug|x64
		{BEC50EF2-E3D5-457B-A098-12089FFC2527}.Debug|Mixed Platforms.Deploy.0 = Debug|x64
		{BEC50EF2-E3D5-457B-A098-12089FFC2527}.Debug|Win32.ActiveCfg = Debug|x64
		{BEC50EF2-E3D5-457B-A098-12089FFC2527}.Debug|x64.ActiveCfg = Debug|x64
		{BEC50EF2-E3D5-457B-A098-12089FFC2527}.Debug|x64.Build.0 = Debug|x64
		{BEC50EF2-E3D5-457B-A098-12089FFC2527}.Debug|x64.Deploy.0 = Debug|x64
		{BEC50EF2-E3D5-457B-A098-12089FFC2527}.Debug|x86.ActiveCfg = Debug|x64
		{BEC50EF2-E3D5-457B-A098-12089FFC2527}.Release|Any CPU.ActiveCfg = Release|x64
		{BEC50EF2-E3D5-457B-A098-12089FFC2527}.Release|Mixed Platforms.ActiveCfg = Release|x64
		{BEC50EF2-E3D5-457B-A098-12089FFC2527}.Release|Mixed Platforms.Build.0 = Release|x64
		{BEC50EF2-E3D5-457B-A098-12089FFC2527}.Release|Mixed Platforms.Deploy.0 = Release|x64
		{BEC50EF2-E3D5-457B-A098-12089FFC2527}.Release|Win32.ActiveCfg = Release|x64
		{BEC50EF2-E3D5-457B-A098-12089FFC2527}.Release|x64.ActiveCfg = Release|x64
		{BEC50EF2-E3D5-457B-A098-12089FFC2527}.Release|x64.Build.0 = Release|x64
		{BEC50EF2-E3D5-457B-A098-12089FFC2527}.Release|x64.Deploy.0 = Release|x64
		{BEC50EF2-E3D5-457B-A098-12089FFC2527}.Release|x86.ActiveCfg = Release|x64
		{50C33EC1-9215-4531-A12D-6D76AEB01602}.Debug|Any CPU.ActiveCfg = Debug|x64
		{50C33EC1-9215-4531-A12D-6D76AEB01602}.Debug|Mixed Platforms.ActiveCfg = Debug|x64
		{50C33EC1-9215-4531-A12D-6D76AEB01602}.Debug|Mixed Platforms.Build.0 = Debug|x64
		{50C33EC1-9215-4531-A12D-6D76AEB01602}.Debug|Win32.ActiveCfg = Debug|x64
		{50C33EC1-9215-4531-A12D-6D76AEB01602}.Debug|x64.ActiveCfg = Debug|x64
		{50C33EC1-9215-4531-A12D-6D76AEB01602}.Debug|x64.Build.0 = Debug|x64
		{50C33EC1-9215-4531-A12D-6D76AEB01602}.Debug|x86.ActiveCfg = Debug|x64
		{50C33EC1-9215-4531-A12D-6D76AEB01602}.Release|Any CPU.ActiveCfg = Release|x64
		{50C33EC1-9215-4531-A12D-6D76AEB01602}.Release|Mixed Platforms.ActiveCfg = Release|x64
		{50C33EC1-9215-4531-A12D-6D76AEB01602}.Release|Mixed Platforms.Build.0 = Release|x64
		{50C33EC1-9215-4531-A12D-6D76AEB01602}.Release|Win32.ActiveCfg = Release|x64
		{50C33EC1-9215-4531-A12D-6D76AEB01602}.Release|x64.ActiveCfg = Release|x64
		{50C33EC1-9215-4531-A12D-6D76AEB01602}.Release|x64.Build.0 = Release|x64
		{50C33EC1-9215-4531-A12D-6D76AEB01602}.Release|x86.ActiveCfg = Release|x64
	EndGlobalSection
	GlobalSection(SolutionProperties) = preSolution
		HideSolutionNode = FALSE
	EndGlobalSection
	GlobalSection(NestedProjects) = preSolution
		{7435C8D9-CA51-4E5D-A359-3AE441420415} = {113DB117-91E6-418C-B256-5AD1CFDF1886}
		{FA167385-0AF1-4BEC-8C85-E0422FD0538C} = {113DB117-91E6-418C-B256-5AD1CFDF1886}
		{ABA23F21-69B5-4F58-9E33-5D3CC5A788E7} = {7CF4C810-2594-4B13-8D99-458CD618E913}
		{93E984DE-4E71-4351-A92A-9A6C36492F2C} = {7435C8D9-CA51-4E5D-A359-3AE441420415}
		{69901E31-188C-4D9B-9803-CDDB14B8AF25} = {7435C8D9-CA51-4E5D-A359-3AE441420415}
		{3E87644D-3B5A-4837-9CAF-50FBD084D4F0} = {7435C8D9-CA51-4E5D-A359-3AE441420415}
		{A9FF5FF2-7D74-4799-A091-815C5C851C8E} = {FA167385-0AF1-4BEC-8C85-E0422FD0538C}
		{36F55E38-A973-4598-BBD4-71671923A502} = {FA167385-0AF1-4BEC-8C85-E0422FD0538C}
		{CB44127A-1D1B-4720-B0A2-2F20A1FE0D63} = {FA167385-0AF1-4BEC-8C85-E0422FD0538C}
		{2EDD60F4-E2E3-4246-B45A-FDF69DC3E47D} = {7435C8D9-CA51-4E5D-A359-3AE441420415}
		{7B20B1A9-49D8-424B-9AC5-48E02AD1623E} = {7435C8D9-CA51-4E5D-A359-3AE441420415}
		{18509D0E-1697-4C08-BE19-6C71DE905163} = {FA167385-0AF1-4BEC-8C85-E0422FD0538C}
		{1B68C2BC-CBCC-4722-92FD-D5EF08191644} = {FA167385-0AF1-4BEC-8C85-E0422FD0538C}
		{6C9C924C-0016-40F7-A7BE-9D094DC18A7A} = {FA167385-0AF1-4BEC-8C85-E0422FD0538C}
		{FB37C80B-3563-4B51-8E01-7EEDEAD3494F} = {FA167385-0AF1-4BEC-8C85-E0422FD0538C}
		{D2BA30F0-A02A-4143-BF2F-3C60DA81A04D} = {FA167385-0AF1-4BEC-8C85-E0422FD0538C}
		{2DD48970-2087-4697-97B4-C81C60D6C5E7} = {FA167385-0AF1-4BEC-8C85-E0422FD0538C}
		{9C2EA653-0F29-46D6-9D5B-EB6B2C864DAC} = {77230C31-DE85-48C5-83DA-707DD652EDE6}
		{394E1A6D-636F-4465-84C5-A7DA56E25247} = {0E1CE312-046A-4005-AB7A-0B152835D4FB}
		{38EA29F1-293D-4190-B639-46411C8F166B} = {0E1CE312-046A-4005-AB7A-0B152835D4FB}
		{EAD79270-0682-4DC4-8A93-FBB9809DB43A} = {394E1A6D-636F-4465-84C5-A7DA56E25247}
		{8DA44BC4-2A12-4F86-A2AD-8BF4C361710B} = {394E1A6D-636F-4465-84C5-A7DA56E25247}
		{E7375446-B711-4A2D-85F8-9D8E8C91DF82} = {394E1A6D-636F-4465-84C5-A7DA56E25247}
		{FF3BC128-E463-4867-836E-C4AEA134DE5F} = {394E1A6D-636F-4465-84C5-A7DA56E25247}
		{D60DB4AB-34CF-41D2-A7D8-60F1FB07C4EE} = {394E1A6D-636F-4465-84C5-A7DA56E25247}
		{40DD1272-912D-440A-9C81-7C162C279CFE} = {394E1A6D-636F-4465-84C5-A7DA56E25247}
		{7815217B-88B2-4880-BDED-D3DE1F33A66F} = {77230C31-DE85-48C5-83DA-707DD652EDE6}
		{56DA3163-5D28-473F-BFC4-5C19107F0425} = {77432F04-9887-4B23-B379-AEEA4864A8ED}
		{E178EF7A-4BEB-4C34-AEE0-7B4F361F0721} = {77432F04-9887-4B23-B379-AEEA4864A8ED}
		{3065D663-3CDD-480C-886E-1FA6778787DC} = {77432F04-9887-4B23-B379-AEEA4864A8ED}
		{9C51312E-2CA0-469A-939E-A2555A751C58} = {77432F04-9887-4B23-B379-AEEA4864A8ED}
		{EC08A99D-8FBD-4833-B217-18A4817E8289} = {394E1A6D-636F-4465-84C5-A7DA56E25247}
		{74934B9E-4FFC-4F14-94B1-B20DA1F9E28E} = {394E1A6D-636F-4465-84C5-A7DA56E25247}
		{416FF026-DA4C-467B-B148-E0D171462DE5} = {394E1A6D-636F-4465-84C5-A7DA56E25247}
		{69EB4199-0C1F-468A-BB2D-6A277995D13A} = {394E1A6D-636F-4465-84C5-A7DA56E25247}
		{2F81EB21-B314-4E03-B969-9B1162C537F1} = {394E1A6D-636F-4465-84C5-A7DA56E25247}
		{BEC50EF2-E3D5-457B-A098-12089FFC2527} = {394E1A6D-636F-4465-84C5-A7DA56E25247}
		{50C33EC1-9215-4531-A12D-6D76AEB01602} = {394E1A6D-636F-4465-84C5-A7DA56E25247}
	EndGlobalSection
EndGlobal
