
Microsoft Visual Studio Solution File, Format Version 11.00
# Visual Studio 2010
Project("{FAE04EC0-301F-11D3-BF4B-00C04F79EFBC}") = "Core", "Core\Core.csproj", "{CC2D2C8B-6B03-4585-A421-58B796A69780}"
EndProject
Project("{F088123C-0E9E-452A-89E6-6BA2F21D5CAC}") = "Model", "Model\Model.modelproj", "{52C77EED-87A5-4726-B8AB-AEE83FC70EC8}"
EndProject
Project("{8BC9CEB8-8B4A-11D0-8D11-00A0C91BC942}") = "RakNetWrap", "RakNetWrap\RakNetWrap.vcxproj", "{5ADEBAC7-5010-4ED4-9CA7-3192F2D86FA8}"
EndProject
Project("{2150E333-8FDC-42A3-9474-1A3956D46DE8}") = "Tests", "Tests", "{0E1CE312-046A-4005-AB7A-0B152835D4FB}"
	ProjectSection(FolderGlobals) = preProject
		ZerocIce_HomeExpanded = D:\Ice-3.4.1
	EndProjectSection
EndProject
Project("{FAE04EC0-301F-11D3-BF4B-00C04F79EFBC}") = "TestDomain", "TestDomain\TestDomain.csproj", "{ADCAC028-F8C1-4B35-84EB-36D7E8B61CD8}"
EndProject
Project("{FAE04EC0-301F-11D3-BF4B-00C04F79EFBC}") = "CompiledTestDomain", "CompiledTestDomain\CompiledTestDomain.csproj", "{07B2425C-CA59-4089-BD62-BD138BB8779C}"
EndProject
Project("{FAE04EC0-301F-11D3-BF4B-00C04F79EFBC}") = "Core.Tests", "Core.Tests\Core.Tests.csproj", "{9C1D456D-F5C1-4D1E-B42E-27EE27EA48B8}"
EndProject
Global
	GlobalSection(SolutionConfigurationPlatforms) = preSolution
		Debug|Any CPU = Debug|Any CPU
		Debug|Mixed Platforms = Debug|Mixed Platforms
		Debug|Win32 = Debug|Win32
		Debug|x64 = Debug|x64
		Debug|x86 = Debug|x86
		Release|Any CPU = Release|Any CPU
		Release|Mixed Platforms = Release|Mixed Platforms
		Release|Win32 = Release|Win32
		Release|x64 = Release|x64
		Release|x86 = Release|x86
	EndGlobalSection
	GlobalSection(ProjectConfigurationPlatforms) = postSolution
		{CC2D2C8B-6B03-4585-A421-58B796A69780}.Debug|Any CPU.ActiveCfg = Debug|Any CPU
		{CC2D2C8B-6B03-4585-A421-58B796A69780}.Debug|Any CPU.Build.0 = Debug|Any CPU
		{CC2D2C8B-6B03-4585-A421-58B796A69780}.Debug|Mixed Platforms.ActiveCfg = Debug|Any CPU
		{CC2D2C8B-6B03-4585-A421-58B796A69780}.Debug|Mixed Platforms.Build.0 = Debug|Any CPU
		{CC2D2C8B-6B03-4585-A421-58B796A69780}.Debug|Win32.ActiveCfg = Debug|Any CPU
		{CC2D2C8B-6B03-4585-A421-58B796A69780}.Debug|x64.ActiveCfg = Debug|x64
		{CC2D2C8B-6B03-4585-A421-58B796A69780}.Debug|x64.Build.0 = Debug|x64
		{CC2D2C8B-6B03-4585-A421-58B796A69780}.Debug|x86.ActiveCfg = Debug|x86
		{CC2D2C8B-6B03-4585-A421-58B796A69780}.Debug|x86.Build.0 = Debug|x86
		{CC2D2C8B-6B03-4585-A421-58B796A69780}.Release|Any CPU.ActiveCfg = Release|Any CPU
		{CC2D2C8B-6B03-4585-A421-58B796A69780}.Release|Any CPU.Build.0 = Release|Any CPU
		{CC2D2C8B-6B03-4585-A421-58B796A69780}.Release|Mixed Platforms.ActiveCfg = Release|Any CPU
		{CC2D2C8B-6B03-4585-A421-58B796A69780}.Release|Mixed Platforms.Build.0 = Release|Any CPU
		{CC2D2C8B-6B03-4585-A421-58B796A69780}.Release|Win32.ActiveCfg = Release|Any CPU
		{CC2D2C8B-6B03-4585-A421-58B796A69780}.Release|x64.ActiveCfg = Release|x64
		{CC2D2C8B-6B03-4585-A421-58B796A69780}.Release|x64.Build.0 = Release|x64
		{CC2D2C8B-6B03-4585-A421-58B796A69780}.Release|x86.ActiveCfg = Release|x86
		{CC2D2C8B-6B03-4585-A421-58B796A69780}.Release|x86.Build.0 = Release|x86
		{52C77EED-87A5-4726-B8AB-AEE83FC70EC8}.Debug|Any CPU.ActiveCfg = Debug|Any CPU
		{52C77EED-87A5-4726-B8AB-AEE83FC70EC8}.Debug|Any CPU.Build.0 = Debug|Any CPU
		{52C77EED-87A5-4726-B8AB-AEE83FC70EC8}.Debug|Mixed Platforms.ActiveCfg = Debug|Any CPU
		{52C77EED-87A5-4726-B8AB-AEE83FC70EC8}.Debug|Mixed Platforms.Build.0 = Debug|Any CPU
		{52C77EED-87A5-4726-B8AB-AEE83FC70EC8}.Debug|Win32.ActiveCfg = Debug|Any CPU
		{52C77EED-87A5-4726-B8AB-AEE83FC70EC8}.Debug|x64.ActiveCfg = Debug|Any CPU
		{52C77EED-87A5-4726-B8AB-AEE83FC70EC8}.Debug|x86.ActiveCfg = Debug|Any CPU
		{52C77EED-87A5-4726-B8AB-AEE83FC70EC8}.Release|Any CPU.ActiveCfg = Release|Any CPU
		{52C77EED-87A5-4726-B8AB-AEE83FC70EC8}.Release|Any CPU.Build.0 = Release|Any CPU
		{52C77EED-87A5-4726-B8AB-AEE83FC70EC8}.Release|Mixed Platforms.ActiveCfg = Release|Any CPU
		{52C77EED-87A5-4726-B8AB-AEE83FC70EC8}.Release|Mixed Platforms.Build.0 = Release|Any CPU
		{52C77EED-87A5-4726-B8AB-AEE83FC70EC8}.Release|Win32.ActiveCfg = Release|Any CPU
		{52C77EED-87A5-4726-B8AB-AEE83FC70EC8}.Release|x64.ActiveCfg = Release|Any CPU
		{52C77EED-87A5-4726-B8AB-AEE83FC70EC8}.Release|x86.ActiveCfg = Release|Any CPU
		{5ADEBAC7-5010-4ED4-9CA7-3192F2D86FA8}.Debug|Any CPU.ActiveCfg = Debug|x64
		{5ADEBAC7-5010-4ED4-9CA7-3192F2D86FA8}.Debug|Mixed Platforms.ActiveCfg = Debug|x64
		{5ADEBAC7-5010-4ED4-9CA7-3192F2D86FA8}.Debug|Mixed Platforms.Build.0 = Debug|x64
		{5ADEBAC7-5010-4ED4-9CA7-3192F2D86FA8}.Debug|Win32.ActiveCfg = Debug|Win32
		{5ADEBAC7-5010-4ED4-9CA7-3192F2D86FA8}.Debug|Win32.Build.0 = Debug|Win32
		{5ADEBAC7-5010-4ED4-9CA7-3192F2D86FA8}.Debug|x64.ActiveCfg = Debug|x64
		{5ADEBAC7-5010-4ED4-9CA7-3192F2D86FA8}.Debug|x64.Build.0 = Debug|x64
		{5ADEBAC7-5010-4ED4-9CA7-3192F2D86FA8}.Debug|x86.ActiveCfg = Debug|Win32
		{5ADEBAC7-5010-4ED4-9CA7-3192F2D86FA8}.Debug|x86.Build.0 = Debug|Win32
		{5ADEBAC7-5010-4ED4-9CA7-3192F2D86FA8}.Release|Any CPU.ActiveCfg = Release|x64
		{5ADEBAC7-5010-4ED4-9CA7-3192F2D86FA8}.Release|Mixed Platforms.ActiveCfg = Release|x64
		{5ADEBAC7-5010-4ED4-9CA7-3192F2D86FA8}.Release|Mixed Platforms.Build.0 = Release|x64
		{5ADEBAC7-5010-4ED4-9CA7-3192F2D86FA8}.Release|Win32.ActiveCfg = Release|Win32
		{5ADEBAC7-5010-4ED4-9CA7-3192F2D86FA8}.Release|Win32.Build.0 = Release|Win32
		{5ADEBAC7-5010-4ED4-9CA7-3192F2D86FA8}.Release|x64.ActiveCfg = Release|x64
		{5ADEBAC7-5010-4ED4-9CA7-3192F2D86FA8}.Release|x64.Build.0 = Release|x64
		{5ADEBAC7-5010-4ED4-9CA7-3192F2D86FA8}.Release|x86.ActiveCfg = Release|x64
		{ADCAC028-F8C1-4B35-84EB-36D7E8B61CD8}.Debug|Any CPU.ActiveCfg = Debug|Any CPU
		{ADCAC028-F8C1-4B35-84EB-36D7E8B61CD8}.Debug|Any CPU.Build.0 = Debug|Any CPU
		{ADCAC028-F8C1-4B35-84EB-36D7E8B61CD8}.Debug|Mixed Platforms.ActiveCfg = Debug|Any CPU
		{ADCAC028-F8C1-4B35-84EB-36D7E8B61CD8}.Debug|Mixed Platforms.Build.0 = Debug|Any CPU
		{ADCAC028-F8C1-4B35-84EB-36D7E8B61CD8}.Debug|Win32.ActiveCfg = Debug|Any CPU
		{ADCAC028-F8C1-4B35-84EB-36D7E8B61CD8}.Debug|x64.ActiveCfg = Debug|Any CPU
		{ADCAC028-F8C1-4B35-84EB-36D7E8B61CD8}.Debug|x86.ActiveCfg = Debug|Any CPU
		{ADCAC028-F8C1-4B35-84EB-36D7E8B61CD8}.Debug|x86.Build.0 = Debug|Any CPU
		{ADCAC028-F8C1-4B35-84EB-36D7E8B61CD8}.Release|Any CPU.ActiveCfg = Release|Any CPU
		{ADCAC028-F8C1-4B35-84EB-36D7E8B61CD8}.Release|Any CPU.Build.0 = Release|Any CPU
		{ADCAC028-F8C1-4B35-84EB-36D7E8B61CD8}.Release|Mixed Platforms.ActiveCfg = Release|Any CPU
		{ADCAC028-F8C1-4B35-84EB-36D7E8B61CD8}.Release|Mixed Platforms.Build.0 = Release|Any CPU
		{ADCAC028-F8C1-4B35-84EB-36D7E8B61CD8}.Release|Win32.ActiveCfg = Release|Any CPU
		{ADCAC028-F8C1-4B35-84EB-36D7E8B61CD8}.Release|x64.ActiveCfg = Release|Any CPU
		{ADCAC028-F8C1-4B35-84EB-36D7E8B61CD8}.Release|x86.ActiveCfg = Release|Any CPU
		{07B2425C-CA59-4089-BD62-BD138BB8779C}.Debug|Any CPU.ActiveCfg = Debug|Any CPU
		{07B2425C-CA59-4089-BD62-BD138BB8779C}.Debug|Any CPU.Build.0 = Debug|Any CPU
		{07B2425C-CA59-4089-BD62-BD138BB8779C}.Debug|Mixed Platforms.ActiveCfg = Debug|Any CPU
		{07B2425C-CA59-4089-BD62-BD138BB8779C}.Debug|Mixed Platforms.Build.0 = Debug|Any CPU
		{07B2425C-CA59-4089-BD62-BD138BB8779C}.Debug|Win32.ActiveCfg = Debug|Any CPU
		{07B2425C-CA59-4089-BD62-BD138BB8779C}.Debug|x64.ActiveCfg = Debug|Any CPU
		{07B2425C-CA59-4089-BD62-BD138BB8779C}.Debug|x86.ActiveCfg = Debug|Any CPU
		{07B2425C-CA59-4089-BD62-BD138BB8779C}.Debug|x86.Build.0 = Debug|Any CPU
		{07B2425C-CA59-4089-BD62-BD138BB8779C}.Release|Any CPU.ActiveCfg = Release|Any CPU
		{07B2425C-CA59-4089-BD62-BD138BB8779C}.Release|Any CPU.Build.0 = Release|Any CPU
		{07B2425C-CA59-4089-BD62-BD138BB8779C}.Release|Mixed Platforms.ActiveCfg = Release|Any CPU
		{07B2425C-CA59-4089-BD62-BD138BB8779C}.Release|Mixed Platforms.Build.0 = Release|Any CPU
		{07B2425C-CA59-4089-BD62-BD138BB8779C}.Release|Win32.ActiveCfg = Release|Any CPU
		{07B2425C-CA59-4089-BD62-BD138BB8779C}.Release|x64.ActiveCfg = Release|Any CPU
		{07B2425C-CA59-4089-BD62-BD138BB8779C}.Release|x86.ActiveCfg = Release|Any CPU
		{9C1D456D-F5C1-4D1E-B42E-27EE27EA48B8}.Debug|Any CPU.ActiveCfg = Debug|Any CPU
		{9C1D456D-F5C1-4D1E-B42E-27EE27EA48B8}.Debug|Any CPU.Build.0 = Debug|Any CPU
		{9C1D456D-F5C1-4D1E-B42E-27EE27EA48B8}.Debug|Mixed Platforms.ActiveCfg = Debug|Any CPU
		{9C1D456D-F5C1-4D1E-B42E-27EE27EA48B8}.Debug|Mixed Platforms.Build.0 = Debug|Any CPU
		{9C1D456D-F5C1-4D1E-B42E-27EE27EA48B8}.Debug|Win32.ActiveCfg = Debug|Any CPU
		{9C1D456D-F5C1-4D1E-B42E-27EE27EA48B8}.Debug|x64.ActiveCfg = Debug|Any CPU
		{9C1D456D-F5C1-4D1E-B42E-27EE27EA48B8}.Debug|x86.ActiveCfg = Debug|x86
		{9C1D456D-F5C1-4D1E-B42E-27EE27EA48B8}.Debug|x86.Build.0 = Debug|x86
		{9C1D456D-F5C1-4D1E-B42E-27EE27EA48B8}.Release|Any CPU.ActiveCfg = Release|Any CPU
		{9C1D456D-F5C1-4D1E-B42E-27EE27EA48B8}.Release|Any CPU.Build.0 = Release|Any CPU
		{9C1D456D-F5C1-4D1E-B42E-27EE27EA48B8}.Release|Mixed Platforms.ActiveCfg = Release|Any CPU
		{9C1D456D-F5C1-4D1E-B42E-27EE27EA48B8}.Release|Mixed Platforms.Build.0 = Release|Any CPU
		{9C1D456D-F5C1-4D1E-B42E-27EE27EA48B8}.Release|Win32.ActiveCfg = Release|Any CPU
		{9C1D456D-F5C1-4D1E-B42E-27EE27EA48B8}.Release|x64.ActiveCfg = Release|Any CPU
		{9C1D456D-F5C1-4D1E-B42E-27EE27EA48B8}.Release|x86.ActiveCfg = Release|Any CPU
	EndGlobalSection
	GlobalSection(SolutionProperties) = preSolution
		HideSolutionNode = FALSE
	EndGlobalSection
	GlobalSection(NestedProjects) = preSolution
		{ADCAC028-F8C1-4B35-84EB-36D7E8B61CD8} = {0E1CE312-046A-4005-AB7A-0B152835D4FB}
		{07B2425C-CA59-4089-BD62-BD138BB8779C} = {0E1CE312-046A-4005-AB7A-0B152835D4FB}
		{9C1D456D-F5C1-4D1E-B42E-27EE27EA48B8} = {0E1CE312-046A-4005-AB7A-0B152835D4FB}
	EndGlobalSection
EndGlobal
